{
  "object": {
    "pins": [
      {
        "package": "SDWebImage",
        "repositoryURL": "https://github.com/SDWebImage/SDWebImage.git",
        "state": {
          "branch": null,
          "revision": "74ae21337c415bb542eb901803f3e84799265c34",
          "version": "5.7.2"
        }
      },
      {
        "package": "SwiftyJSON",
        "repositoryURL": "https://github.com/SwiftyJSON/SwiftyJSON",
        "state": {
          "branch": null,
          "revision": "2b6054efa051565954e1d2b9da831680026cd768",
          "version": "5.0.0"
        }
      },
      {
        "package": "TweeTextField",
        "repositoryURL": "https://github.com/oleghnidets/TweeTextField.git",
        "state": {
          "branch": null,
          "revision": "b712e44c1fe4020ee20f9d494572a9762ea5a59c",
          "version": "1.6.3"
        }
      },
      {
        "package": "WhatsNewKit",
        "repositoryURL": "https://github.com/SvenTiigi/WhatsNewKit.git",
        "state": {
          "branch": null,
          "revision": "839da796b10df0f229c6cf8cc58fec9b25c39a82",
          "version": "1.3.2"
        }
      }
    ]
  },
  "version": 1
}
