// !$*UTF8*$!
{
	archiveVersion = 1;
	classes = {
	};
	objectVersion = 52;
	objects = {

/* Begin PBXBuildFile section */
		0A01F3102442DB8A001499D5 /* SDWebImage in Frameworks */ = {isa = PBXBuildFile; productRef = 0A01F30F2442DB8A001499D5 /* SDWebImage */; };
		0A01F31224431725001499D5 /* ImageEngine.swift in Sources */ = {isa = PBXBuildFile; fileRef = 0A01F31124431724001499D5 /* ImageEngine.swift */; };
		0A0B89572457A30A00EABF29 /* ModalFactory.swift in Sources */ = {isa = PBXBuildFile; fileRef = 0A0B89562457A30A00EABF29 /* ModalFactory.swift */; };
		0A149FF224512E7B0080941A /* ImagePersistEngine.swift in Sources */ = {isa = PBXBuildFile; fileRef = 0A149FF124512E7B0080941A /* ImagePersistEngine.swift */; };
		0A14A002245155A10080941A /* ResidentHelper.swift in Sources */ = {isa = PBXBuildFile; fileRef = 0A14A001245155A10080941A /* ResidentHelper.swift */; };
		0A14A0072451986B0080941A /* CrittersMonthlyTableViewController.swift in Sources */ = {isa = PBXBuildFile; fileRef = 0A14A0062451986B0080941A /* CrittersMonthlyTableViewController.swift */; };
		0A23BBCC244ACE94009B5178 /* SortEngine.swift in Sources */ = {isa = PBXBuildFile; fileRef = 0A23BBCB244ACE94009B5178 /* SortEngine.swift */; };
		0A23BBCE244ADFE6009B5178 /* User.swift in Sources */ = {isa = PBXBuildFile; fileRef = 0A23BBCD244ADFE6009B5178 /* User.swift */; };
		0A23BBD0244AE1D5009B5178 /* Fruits.swift in Sources */ = {isa = PBXBuildFile; fileRef = 0A23BBCF244AE1D5009B5178 /* Fruits.swift */; };
		0A26E7B5244758C500D80594 /* Villager.swift in Sources */ = {isa = PBXBuildFile; fileRef = 0A26E7B4244758C500D80594 /* Villager.swift */; };
		0A26E7B724475B6300D80594 /* villagers.json in Resources */ = {isa = PBXBuildFile; fileRef = 0A26E7B624475B6300D80594 /* villagers.json */; };
		0A295B4A244494F9001CF828 /* Categories.swift in Sources */ = {isa = PBXBuildFile; fileRef = 0A295B49244494F9001CF828 /* Categories.swift */; };
		0A295B4C2444AAD0001CF828 /* Taptic.swift in Sources */ = {isa = PBXBuildFile; fileRef = 0A295B4B2444AAD0001CF828 /* Taptic.swift */; };
		0A36427E244695FE0081315A /* Critter.swift in Sources */ = {isa = PBXBuildFile; fileRef = 0A36427D244695FE0081315A /* Critter.swift */; };
		0A36428024469C600081315A /* bugsSecondary.json in Resources */ = {isa = PBXBuildFile; fileRef = 0A36427F24469C600081315A /* bugsSecondary.json */; };
		0A3642862446CC070081315A /* TimeMonthEngine.swift in Sources */ = {isa = PBXBuildFile; fileRef = 0A3642852446CC070081315A /* TimeMonthEngine.swift */; };
		0A370B5F2443223D00A72048 /* VC+.swift in Sources */ = {isa = PBXBuildFile; fileRef = 0A370B5E2443223D00A72048 /* VC+.swift */; };
		0A370B61244322F100A72048 /* ColourUtil.swift in Sources */ = {isa = PBXBuildFile; fileRef = 0A370B60244322F100A72048 /* ColourUtil.swift */; };
		0A370B6C2444467900A72048 /* PriceEngine.swift in Sources */ = {isa = PBXBuildFile; fileRef = 0A370B6B2444467900A72048 /* PriceEngine.swift */; };
		0A370B6E24444BD800A72048 /* DataEngine.swift in Sources */ = {isa = PBXBuildFile; fileRef = 0A370B6D24444BD800A72048 /* DataEngine.swift */; };
		0A370B8D2444543200A72048 /* accessories.json in Resources */ = {isa = PBXBuildFile; fileRef = 0A370B702444543000A72048 /* accessories.json */; };
		0A370B8E2444543200A72048 /* umbrellas.json in Resources */ = {isa = PBXBuildFile; fileRef = 0A370B712444543000A72048 /* umbrellas.json */; };
		0A370B902444543200A72048 /* shoes.json in Resources */ = {isa = PBXBuildFile; fileRef = 0A370B732444543000A72048 /* shoes.json */; };
		0A370B912444543200A72048 /* bottoms.json in Resources */ = {isa = PBXBuildFile; fileRef = 0A370B742444543000A72048 /* bottoms.json */; };
		0A370B982444543200A72048 /* dresses.json in Resources */ = {isa = PBXBuildFile; fileRef = 0A370B7B2444543000A72048 /* dresses.json */; };
		0A370B9B2444543200A72048 /* posters.json in Resources */ = {isa = PBXBuildFile; fileRef = 0A370B7E2444543100A72048 /* posters.json */; };
		0A370B9C2444543200A72048 /* recipes.json in Resources */ = {isa = PBXBuildFile; fileRef = 0A370B7F2444543100A72048 /* recipes.json */; };
		0A370B9D2444543200A72048 /* nookmiles.json in Resources */ = {isa = PBXBuildFile; fileRef = 0A370B802444543100A72048 /* nookmiles.json */; };
		0A370B9E2444543200A72048 /* socks.json in Resources */ = {isa = PBXBuildFile; fileRef = 0A370B812444543100A72048 /* socks.json */; };
		0A370BA02444543200A72048 /* headwear.json in Resources */ = {isa = PBXBuildFile; fileRef = 0A370B832444543100A72048 /* headwear.json */; };
		0A370BA52444543200A72048 /* bags.json in Resources */ = {isa = PBXBuildFile; fileRef = 0A370B882444543200A72048 /* bags.json */; };
		0A370BA82444543200A72048 /* construction.json in Resources */ = {isa = PBXBuildFile; fileRef = 0A370B8B2444543200A72048 /* construction.json */; };
		0A370BAA24446D7B00A72048 /* IconUtil.swift in Sources */ = {isa = PBXBuildFile; fileRef = 0A370BA924446D7B00A72048 /* IconUtil.swift */; };
		0A370BAD2444795700A72048 /* CategoryTableViewCell.swift in Sources */ = {isa = PBXBuildFile; fileRef = 0A370BAC2444795700A72048 /* CategoryTableViewCell.swift */; };
		0A370BAF2444796400A72048 /* CategoriesTableViewController.swift in Sources */ = {isa = PBXBuildFile; fileRef = 0A370BAE2444796400A72048 /* CategoriesTableViewController.swift */; };
		0A55912F244DF0110018CF99 /* (null) in Embed Frameworks */ = {isa = PBXBuildFile; settings = {ATTRIBUTES = (CodeSignOnCopy, RemoveHeadersOnCopy, ); }; };
		0A595B912453252D00F37E15 /* housewares.json in Resources */ = {isa = PBXBuildFile; fileRef = 0A595B902453252D00F37E15 /* housewares.json */; };
		0A595B932453334C00F37E15 /* wallpapers.json in Resources */ = {isa = PBXBuildFile; fileRef = 0A595B922453334C00F37E15 /* wallpapers.json */; };
		0A595B952453344A00F37E15 /* miscellaneous.json in Resources */ = {isa = PBXBuildFile; fileRef = 0A595B942453344A00F37E15 /* miscellaneous.json */; };
		0A595B972453349B00F37E15 /* art.json in Resources */ = {isa = PBXBuildFile; fileRef = 0A595B962453349B00F37E15 /* art.json */; };
		0A595B992453393400F37E15 /* wall-mounted.json in Resources */ = {isa = PBXBuildFile; fileRef = 0A595B982453393400F37E15 /* wall-mounted.json */; };
		0A595B9B245339B000F37E15 /* floors.json in Resources */ = {isa = PBXBuildFile; fileRef = 0A595B9A245339AF00F37E15 /* floors.json */; };
		0A595B9D245339DD00F37E15 /* rugs.json in Resources */ = {isa = PBXBuildFile; fileRef = 0A595B9C245339DD00F37E15 /* rugs.json */; };
		0A595B9F24533A1D00F37E15 /* photos.json in Resources */ = {isa = PBXBuildFile; fileRef = 0A595B9E24533A1D00F37E15 /* photos.json */; };
		0A595BA124533A4E00F37E15 /* fencing.json in Resources */ = {isa = PBXBuildFile; fileRef = 0A595BA024533A4E00F37E15 /* fencing.json */; };
		0A595BA324533A6600F37E15 /* tools.json in Resources */ = {isa = PBXBuildFile; fileRef = 0A595BA224533A6500F37E15 /* tools.json */; };
		0A595BA524533AB200F37E15 /* music.json in Resources */ = {isa = PBXBuildFile; fileRef = 0A595BA424533AB200F37E15 /* music.json */; };
		0A595BA824533B3F00F37E15 /* other.json in Resources */ = {isa = PBXBuildFile; fileRef = 0A595BA624533B3F00F37E15 /* other.json */; };
		0A595BA924533B3F00F37E15 /* fossils.json in Resources */ = {isa = PBXBuildFile; fileRef = 0A595BA724533B3F00F37E15 /* fossils.json */; };
		0A595BAB24533C8C00F37E15 /* tops.json in Resources */ = {isa = PBXBuildFile; fileRef = 0A595BAA24533C8C00F37E15 /* tops.json */; };
		0A65203124499B6400692E74 /* PersistEngine.swift in Sources */ = {isa = PBXBuildFile; fileRef = 0A65203024499B6400692E74 /* PersistEngine.swift */; };
		0A6862A6244D3DAB00E06C74 /* SCHeper.swift in Sources */ = {isa = PBXBuildFile; fileRef = 0A6862A5244D3DAB00E06C74 /* SCHeper.swift */; };
		0A6862A9244D499C00E06C74 /* SettingsTableViewController.swift in Sources */ = {isa = PBXBuildFile; fileRef = 0A6862A8244D499C00E06C74 /* SettingsTableViewController.swift */; };
		0A6862AC244D63A700E06C74 /* EditInfoViewController.swift in Sources */ = {isa = PBXBuildFile; fileRef = 0A6862AB244D63A700E06C74 /* EditInfoViewController.swift */; };
		0A6B5638244FCE9400AA0B86 /* DateHelper.swift in Sources */ = {isa = PBXBuildFile; fileRef = 0A6B5637244FCE9400AA0B86 /* DateHelper.swift */; };
		0A72C3712445AD8F009FA0D4 /* DetailViewController.swift in Sources */ = {isa = PBXBuildFile; fileRef = 0A72C3702445AD8F009FA0D4 /* DetailViewController.swift */; };
		0A72C3752445FD93009FA0D4 /* VariantCollectionViewCell.swift in Sources */ = {isa = PBXBuildFile; fileRef = 0A72C3742445FD93009FA0D4 /* VariantCollectionViewCell.swift */; };
		0A739A41244B592300002B89 /* DashboardViewController.swift in Sources */ = {isa = PBXBuildFile; fileRef = 0A739A40244B592200002B89 /* DashboardViewController.swift */; };
		0A739A43244BE55600002B89 /* ResidentCollectionViewCell.swift in Sources */ = {isa = PBXBuildFile; fileRef = 0A739A42244BE55600002B89 /* ResidentCollectionViewCell.swift */; };
		0A7FA6A32445971900921079 /* CrittersTableViewController.swift in Sources */ = {isa = PBXBuildFile; fileRef = 0A7FA6A22445971900921079 /* CrittersTableViewController.swift */; };
		0A7FA6A52445972A00921079 /* CritterTableViewCell.swift in Sources */ = {isa = PBXBuildFile; fileRef = 0A7FA6A42445972A00921079 /* CritterTableViewCell.swift */; };
		0A887F8D2450890C0044EAEA /* FruitsTableViewController.swift in Sources */ = {isa = PBXBuildFile; fileRef = 0A887F8C2450890C0044EAEA /* FruitsTableViewController.swift */; };
		0A887F9124508F280044EAEA /* UDHelper.swift in Sources */ = {isa = PBXBuildFile; fileRef = 0A887F9024508F280044EAEA /* UDHelper.swift */; };
		0A964998244E5FBE00C8E19D /* TweeTextField in Frameworks */ = {isa = PBXBuildFile; productRef = 0A964997244E5FBE00C8E19D /* TweeTextField */; };
		0A97C2FB244C95290062B136 /* FavouritesTableViewController.swift in Sources */ = {isa = PBXBuildFile; fileRef = 0A97C2FA244C95290062B136 /* FavouritesTableViewController.swift */; };
		0A97C2FD244C95360062B136 /* FavouriteTableViewCell.swift in Sources */ = {isa = PBXBuildFile; fileRef = 0A97C2FC244C95360062B136 /* FavouriteTableViewCell.swift */; };
		0AA3616E244C520500D326AF /* SVHelper.swift in Sources */ = {isa = PBXBuildFile; fileRef = 0AA3616D244C520500D326AF /* SVHelper.swift */; };
		0AADD410244870D9004FDA33 /* fishesSecondary.json in Resources */ = {isa = PBXBuildFile; fileRef = 0AADD40F244870D9004FDA33 /* fishesSecondary.json */; };
		0AADD4192448ADB4004FDA33 /* bugsMain.json in Resources */ = {isa = PBXBuildFile; fileRef = 0AADD4172448ADB4004FDA33 /* bugsMain.json */; };
		0AADD41A2448ADB4004FDA33 /* fishesMain.json in Resources */ = {isa = PBXBuildFile; fileRef = 0AADD4182448ADB4004FDA33 /* fishesMain.json */; };
		0AC54AF2244DF17600AD1188 /* (null) in Embed Frameworks */ = {isa = PBXBuildFile; settings = {ATTRIBUTES = (CodeSignOnCopy, RemoveHeadersOnCopy, ); }; };
		0AC703B42451C749008D7C77 /* CritterHelper.swift in Sources */ = {isa = PBXBuildFile; fileRef = 0AC703B32451C749008D7C77 /* CritterHelper.swift */; };
		0AC89E402449418B009ADB18 /* VillagerTableViewCell.swift in Sources */ = {isa = PBXBuildFile; fileRef = 0AC89E3F2449418B009ADB18 /* VillagerTableViewCell.swift */; };
		0AC89E422449419A009ADB18 /* VillagersTableViewController.swift in Sources */ = {isa = PBXBuildFile; fileRef = 0AC89E412449419A009ADB18 /* VillagersTableViewController.swift */; };
		0ACCF3A924567BB200F9C62E /* WhatsNewKit in Frameworks */ = {isa = PBXBuildFile; productRef = 0ACCF3A824567BB200F9C62E /* WhatsNewKit */; };
		0ACCF3AC2456830A00F9C62E /* WhatsNewHelper.swift in Sources */ = {isa = PBXBuildFile; fileRef = 0ACCF3AB2456830A00F9C62E /* WhatsNewHelper.swift */; };
		0AEF52642452742E0056286B /* PatchLogViewController.swift in Sources */ = {isa = PBXBuildFile; fileRef = 0AEF52632452742E0056286B /* PatchLogViewController.swift */; };
		0AEFF82B24470EAF0032156C /* WardrobesTableViewController.swift in Sources */ = {isa = PBXBuildFile; fileRef = 0AEFF82A24470EAF0032156C /* WardrobesTableViewController.swift */; };
		0AEFF82D24470EC30032156C /* WardrobetabTableViewCell.swift in Sources */ = {isa = PBXBuildFile; fileRef = 0AEFF82C24470EC30032156C /* WardrobetabTableViewCell.swift */; };
		0AEFF82F24471CD90032156C /* Wardrobe.swift in Sources */ = {isa = PBXBuildFile; fileRef = 0AEFF82E24471CD90032156C /* Wardrobe.swift */; };
		0AFD704F24419DD300957BE6 /* AppDelegate.swift in Sources */ = {isa = PBXBuildFile; fileRef = 0AFD704E24419DD300957BE6 /* AppDelegate.swift */; };
		0AFD705124419DD300957BE6 /* SceneDelegate.swift in Sources */ = {isa = PBXBuildFile; fileRef = 0AFD705024419DD300957BE6 /* SceneDelegate.swift */; };
		0AFD705624419DD300957BE6 /* Main.storyboard in Resources */ = {isa = PBXBuildFile; fileRef = 0AFD705424419DD300957BE6 /* Main.storyboard */; };
		0AFD705824419DD500957BE6 /* Assets.xcassets in Resources */ = {isa = PBXBuildFile; fileRef = 0AFD705724419DD500957BE6 /* Assets.xcassets */; };
		0AFD705B24419DD500957BE6 /* LaunchScreen.storyboard in Resources */ = {isa = PBXBuildFile; fileRef = 0AFD705924419DD500957BE6 /* LaunchScreen.storyboard */; };
		0AFD70642441B80500957BE6 /* SwiftyJSON in Frameworks */ = {isa = PBXBuildFile; productRef = 0AFD70632441B80500957BE6 /* SwiftyJSON */; };
		0AFD706A2441BA7500957BE6 /* HomeViewController.swift in Sources */ = {isa = PBXBuildFile; fileRef = 0AFD70692441BA7500957BE6 /* HomeViewController.swift */; };
		0AFD706C2441BFEE00957BE6 /* ItemsTableViewController.swift in Sources */ = {isa = PBXBuildFile; fileRef = 0AFD706B2441BFEE00957BE6 /* ItemsTableViewController.swift */; };
		0AFD70732441D2B200957BE6 /* ItemTableViewCell.swift in Sources */ = {isa = PBXBuildFile; fileRef = 0AFD70722441D2B200957BE6 /* ItemTableViewCell.swift */; };
		0AFD70752441D9BF00957BE6 /* Item.swift in Sources */ = {isa = PBXBuildFile; fileRef = 0AFD70742441D9BF00957BE6 /* Item.swift */; };
		D02015DDD8C8A4BAE7285CAB /* Pods_NookNook.framework in Frameworks */ = {isa = PBXBuildFile; fileRef = 3A4557804DEA2E2611BA88D4 /* Pods_NookNook.framework */; };
/* End PBXBuildFile section */

/* Begin PBXCopyFilesBuildPhase section */
		0A559127244DCE120018CF99 /* Embed Frameworks */ = {
			isa = PBXCopyFilesBuildPhase;
			buildActionMask = 2147483647;
			dstPath = "";
			dstSubfolderSpec = 10;
			files = (
				0AC54AF2244DF17600AD1188 /* (null) in Embed Frameworks */,
				0A55912F244DF0110018CF99 /* (null) in Embed Frameworks */,
			);
			name = "Embed Frameworks";
			runOnlyForDeploymentPostprocessing = 0;
		};
/* End PBXCopyFilesBuildPhase section */

/* Begin PBXFileReference section */
		0A01F31124431724001499D5 /* ImageEngine.swift */ = {isa = PBXFileReference; lastKnownFileType = sourcecode.swift; path = ImageEngine.swift; sourceTree = "<group>"; };
		0A0B89562457A30A00EABF29 /* ModalFactory.swift */ = {isa = PBXFileReference; lastKnownFileType = sourcecode.swift; path = ModalFactory.swift; sourceTree = "<group>"; };
		0A149FF124512E7B0080941A /* ImagePersistEngine.swift */ = {isa = PBXFileReference; lastKnownFileType = sourcecode.swift; path = ImagePersistEngine.swift; sourceTree = "<group>"; };
		0A14A001245155A10080941A /* ResidentHelper.swift */ = {isa = PBXFileReference; lastKnownFileType = sourcecode.swift; path = ResidentHelper.swift; sourceTree = "<group>"; };
		0A14A0062451986B0080941A /* CrittersMonthlyTableViewController.swift */ = {isa = PBXFileReference; lastKnownFileType = sourcecode.swift; path = CrittersMonthlyTableViewController.swift; sourceTree = "<group>"; };
		0A23BBCB244ACE94009B5178 /* SortEngine.swift */ = {isa = PBXFileReference; lastKnownFileType = sourcecode.swift; path = SortEngine.swift; sourceTree = "<group>"; };
		0A23BBCD244ADFE6009B5178 /* User.swift */ = {isa = PBXFileReference; lastKnownFileType = sourcecode.swift; path = User.swift; sourceTree = "<group>"; };
		0A23BBCF244AE1D5009B5178 /* Fruits.swift */ = {isa = PBXFileReference; lastKnownFileType = sourcecode.swift; path = Fruits.swift; sourceTree = "<group>"; };
		0A26E7B4244758C500D80594 /* Villager.swift */ = {isa = PBXFileReference; lastKnownFileType = sourcecode.swift; path = Villager.swift; sourceTree = "<group>"; };
		0A26E7B624475B6300D80594 /* villagers.json */ = {isa = PBXFileReference; fileEncoding = 4; lastKnownFileType = text.json; path = villagers.json; sourceTree = "<group>"; };
		0A295B49244494F9001CF828 /* Categories.swift */ = {isa = PBXFileReference; lastKnownFileType = sourcecode.swift; path = Categories.swift; sourceTree = "<group>"; };
		0A295B4B2444AAD0001CF828 /* Taptic.swift */ = {isa = PBXFileReference; lastKnownFileType = sourcecode.swift; path = Taptic.swift; sourceTree = "<group>"; };
		0A36427D244695FE0081315A /* Critter.swift */ = {isa = PBXFileReference; lastKnownFileType = sourcecode.swift; path = Critter.swift; sourceTree = "<group>"; };
		0A36427F24469C600081315A /* bugsSecondary.json */ = {isa = PBXFileReference; fileEncoding = 4; lastKnownFileType = text.json; path = bugsSecondary.json; sourceTree = "<group>"; };
		0A3642852446CC070081315A /* TimeMonthEngine.swift */ = {isa = PBXFileReference; lastKnownFileType = sourcecode.swift; path = TimeMonthEngine.swift; sourceTree = "<group>"; };
		0A370B5E2443223D00A72048 /* VC+.swift */ = {isa = PBXFileReference; lastKnownFileType = sourcecode.swift; path = "VC+.swift"; sourceTree = "<group>"; };
		0A370B60244322F100A72048 /* ColourUtil.swift */ = {isa = PBXFileReference; lastKnownFileType = sourcecode.swift; path = ColourUtil.swift; sourceTree = "<group>"; };
		0A370B6B2444467900A72048 /* PriceEngine.swift */ = {isa = PBXFileReference; lastKnownFileType = sourcecode.swift; path = PriceEngine.swift; sourceTree = "<group>"; };
		0A370B6D24444BD800A72048 /* DataEngine.swift */ = {isa = PBXFileReference; lastKnownFileType = sourcecode.swift; path = DataEngine.swift; sourceTree = "<group>"; };
		0A370B702444543000A72048 /* accessories.json */ = {isa = PBXFileReference; fileEncoding = 4; lastKnownFileType = text.json; path = accessories.json; sourceTree = "<group>"; };
		0A370B712444543000A72048 /* umbrellas.json */ = {isa = PBXFileReference; fileEncoding = 4; lastKnownFileType = text.json; path = umbrellas.json; sourceTree = "<group>"; };
		0A370B732444543000A72048 /* shoes.json */ = {isa = PBXFileReference; fileEncoding = 4; lastKnownFileType = text.json; path = shoes.json; sourceTree = "<group>"; };
		0A370B742444543000A72048 /* bottoms.json */ = {isa = PBXFileReference; fileEncoding = 4; lastKnownFileType = text.json; path = bottoms.json; sourceTree = "<group>"; };
		0A370B7B2444543000A72048 /* dresses.json */ = {isa = PBXFileReference; fileEncoding = 4; lastKnownFileType = text.json; path = dresses.json; sourceTree = "<group>"; };
		0A370B7E2444543100A72048 /* posters.json */ = {isa = PBXFileReference; fileEncoding = 4; lastKnownFileType = text.json; path = posters.json; sourceTree = "<group>"; };
		0A370B7F2444543100A72048 /* recipes.json */ = {isa = PBXFileReference; fileEncoding = 4; lastKnownFileType = text.json; path = recipes.json; sourceTree = "<group>"; };
		0A370B802444543100A72048 /* nookmiles.json */ = {isa = PBXFileReference; fileEncoding = 4; lastKnownFileType = text.json; path = nookmiles.json; sourceTree = "<group>"; };
		0A370B812444543100A72048 /* socks.json */ = {isa = PBXFileReference; fileEncoding = 4; lastKnownFileType = text.json; path = socks.json; sourceTree = "<group>"; };
		0A370B832444543100A72048 /* headwear.json */ = {isa = PBXFileReference; fileEncoding = 4; lastKnownFileType = text.json; path = headwear.json; sourceTree = "<group>"; };
		0A370B882444543200A72048 /* bags.json */ = {isa = PBXFileReference; fileEncoding = 4; lastKnownFileType = text.json; path = bags.json; sourceTree = "<group>"; };
		0A370B8B2444543200A72048 /* construction.json */ = {isa = PBXFileReference; fileEncoding = 4; lastKnownFileType = text.json; path = construction.json; sourceTree = "<group>"; };
		0A370BA924446D7B00A72048 /* IconUtil.swift */ = {isa = PBXFileReference; lastKnownFileType = sourcecode.swift; path = IconUtil.swift; sourceTree = "<group>"; };
		0A370BAC2444795700A72048 /* CategoryTableViewCell.swift */ = {isa = PBXFileReference; lastKnownFileType = sourcecode.swift; path = CategoryTableViewCell.swift; sourceTree = "<group>"; };
		0A370BAE2444796400A72048 /* CategoriesTableViewController.swift */ = {isa = PBXFileReference; lastKnownFileType = sourcecode.swift; path = CategoriesTableViewController.swift; sourceTree = "<group>"; };
		0A559121244DCDAD0018CF99 /* RAGTextField.framework */ = {isa = PBXFileReference; explicitFileType = wrapper.framework; path = RAGTextField.framework; sourceTree = BUILT_PRODUCTS_DIR; };
		0A559128244DCE170018CF99 /* RAGTextField.framework */ = {isa = PBXFileReference; explicitFileType = wrapper.framework; path = RAGTextField.framework; sourceTree = BUILT_PRODUCTS_DIR; };
		0A55912B244DF0000018CF99 /* RAGTextField.framework */ = {isa = PBXFileReference; explicitFileType = wrapper.framework; path = RAGTextField.framework; sourceTree = BUILT_PRODUCTS_DIR; };
		0A595B902453252D00F37E15 /* housewares.json */ = {isa = PBXFileReference; fileEncoding = 4; lastKnownFileType = text.json; path = housewares.json; sourceTree = "<group>"; };
		0A595B922453334C00F37E15 /* wallpapers.json */ = {isa = PBXFileReference; fileEncoding = 4; lastKnownFileType = text.json; path = wallpapers.json; sourceTree = "<group>"; };
		0A595B942453344A00F37E15 /* miscellaneous.json */ = {isa = PBXFileReference; fileEncoding = 4; lastKnownFileType = text.json; path = miscellaneous.json; sourceTree = "<group>"; };
		0A595B962453349B00F37E15 /* art.json */ = {isa = PBXFileReference; fileEncoding = 4; lastKnownFileType = text.json; path = art.json; sourceTree = "<group>"; };
		0A595B982453393400F37E15 /* wall-mounted.json */ = {isa = PBXFileReference; fileEncoding = 4; lastKnownFileType = text.json; path = "wall-mounted.json"; sourceTree = "<group>"; };
		0A595B9A245339AF00F37E15 /* floors.json */ = {isa = PBXFileReference; fileEncoding = 4; lastKnownFileType = text.json; path = floors.json; sourceTree = "<group>"; };
		0A595B9C245339DD00F37E15 /* rugs.json */ = {isa = PBXFileReference; fileEncoding = 4; lastKnownFileType = text.json; path = rugs.json; sourceTree = "<group>"; };
		0A595B9E24533A1D00F37E15 /* photos.json */ = {isa = PBXFileReference; fileEncoding = 4; lastKnownFileType = text.json; path = photos.json; sourceTree = "<group>"; };
		0A595BA024533A4E00F37E15 /* fencing.json */ = {isa = PBXFileReference; fileEncoding = 4; lastKnownFileType = text.json; path = fencing.json; sourceTree = "<group>"; };
		0A595BA224533A6500F37E15 /* tools.json */ = {isa = PBXFileReference; fileEncoding = 4; lastKnownFileType = text.json; path = tools.json; sourceTree = "<group>"; };
		0A595BA424533AB200F37E15 /* music.json */ = {isa = PBXFileReference; fileEncoding = 4; lastKnownFileType = text.json; path = music.json; sourceTree = "<group>"; };
		0A595BA624533B3F00F37E15 /* other.json */ = {isa = PBXFileReference; fileEncoding = 4; lastKnownFileType = text.json; path = other.json; sourceTree = "<group>"; };
		0A595BA724533B3F00F37E15 /* fossils.json */ = {isa = PBXFileReference; fileEncoding = 4; lastKnownFileType = text.json; path = fossils.json; sourceTree = "<group>"; };
		0A595BAA24533C8C00F37E15 /* tops.json */ = {isa = PBXFileReference; fileEncoding = 4; lastKnownFileType = text.json; path = tops.json; sourceTree = "<group>"; };
		0A65203024499B6400692E74 /* PersistEngine.swift */ = {isa = PBXFileReference; lastKnownFileType = sourcecode.swift; path = PersistEngine.swift; sourceTree = "<group>"; };
		0A6862A5244D3DAB00E06C74 /* SCHeper.swift */ = {isa = PBXFileReference; lastKnownFileType = sourcecode.swift; path = SCHeper.swift; sourceTree = "<group>"; };
		0A6862A8244D499C00E06C74 /* SettingsTableViewController.swift */ = {isa = PBXFileReference; lastKnownFileType = sourcecode.swift; path = SettingsTableViewController.swift; sourceTree = "<group>"; };
		0A6862AB244D63A700E06C74 /* EditInfoViewController.swift */ = {isa = PBXFileReference; lastKnownFileType = sourcecode.swift; path = EditInfoViewController.swift; sourceTree = "<group>"; };
		0A6B5637244FCE9400AA0B86 /* DateHelper.swift */ = {isa = PBXFileReference; lastKnownFileType = sourcecode.swift; path = DateHelper.swift; sourceTree = "<group>"; };
		0A72C3702445AD8F009FA0D4 /* DetailViewController.swift */ = {isa = PBXFileReference; lastKnownFileType = sourcecode.swift; path = DetailViewController.swift; sourceTree = "<group>"; };
		0A72C3742445FD93009FA0D4 /* VariantCollectionViewCell.swift */ = {isa = PBXFileReference; lastKnownFileType = sourcecode.swift; path = VariantCollectionViewCell.swift; sourceTree = "<group>"; };
		0A739A40244B592200002B89 /* DashboardViewController.swift */ = {isa = PBXFileReference; lastKnownFileType = sourcecode.swift; path = DashboardViewController.swift; sourceTree = "<group>"; };
		0A739A42244BE55600002B89 /* ResidentCollectionViewCell.swift */ = {isa = PBXFileReference; lastKnownFileType = sourcecode.swift; path = ResidentCollectionViewCell.swift; sourceTree = "<group>"; };
		0A7FA6A22445971900921079 /* CrittersTableViewController.swift */ = {isa = PBXFileReference; lastKnownFileType = sourcecode.swift; path = CrittersTableViewController.swift; sourceTree = "<group>"; };
		0A7FA6A42445972A00921079 /* CritterTableViewCell.swift */ = {isa = PBXFileReference; lastKnownFileType = sourcecode.swift; path = CritterTableViewCell.swift; sourceTree = "<group>"; };
		0A887F8C2450890C0044EAEA /* FruitsTableViewController.swift */ = {isa = PBXFileReference; lastKnownFileType = sourcecode.swift; path = FruitsTableViewController.swift; sourceTree = "<group>"; };
		0A887F9024508F280044EAEA /* UDHelper.swift */ = {isa = PBXFileReference; lastKnownFileType = sourcecode.swift; path = UDHelper.swift; sourceTree = "<group>"; };
		0A97C2FA244C95290062B136 /* FavouritesTableViewController.swift */ = {isa = PBXFileReference; lastKnownFileType = sourcecode.swift; path = FavouritesTableViewController.swift; sourceTree = "<group>"; };
		0A97C2FC244C95360062B136 /* FavouriteTableViewCell.swift */ = {isa = PBXFileReference; lastKnownFileType = sourcecode.swift; path = FavouriteTableViewCell.swift; sourceTree = "<group>"; };
		0AA3616D244C520500D326AF /* SVHelper.swift */ = {isa = PBXFileReference; lastKnownFileType = sourcecode.swift; path = SVHelper.swift; sourceTree = "<group>"; };
		0AADD40F244870D9004FDA33 /* fishesSecondary.json */ = {isa = PBXFileReference; fileEncoding = 4; lastKnownFileType = text.json; path = fishesSecondary.json; sourceTree = "<group>"; };
		0AADD4172448ADB4004FDA33 /* bugsMain.json */ = {isa = PBXFileReference; fileEncoding = 4; lastKnownFileType = text.json; path = bugsMain.json; sourceTree = "<group>"; };
		0AADD4182448ADB4004FDA33 /* fishesMain.json */ = {isa = PBXFileReference; fileEncoding = 4; lastKnownFileType = text.json; path = fishesMain.json; sourceTree = "<group>"; };
		0AC54AF3244DF17B00AD1188 /* RAGTextField.framework */ = {isa = PBXFileReference; explicitFileType = wrapper.framework; path = RAGTextField.framework; sourceTree = BUILT_PRODUCTS_DIR; };
		0AC703B32451C749008D7C77 /* CritterHelper.swift */ = {isa = PBXFileReference; lastKnownFileType = sourcecode.swift; path = CritterHelper.swift; sourceTree = "<group>"; };
		0AC89E3F2449418B009ADB18 /* VillagerTableViewCell.swift */ = {isa = PBXFileReference; lastKnownFileType = sourcecode.swift; path = VillagerTableViewCell.swift; sourceTree = "<group>"; };
		0AC89E412449419A009ADB18 /* VillagersTableViewController.swift */ = {isa = PBXFileReference; lastKnownFileType = sourcecode.swift; path = VillagersTableViewController.swift; sourceTree = "<group>"; };
		0ACCF3AB2456830A00F9C62E /* WhatsNewHelper.swift */ = {isa = PBXFileReference; lastKnownFileType = sourcecode.swift; path = WhatsNewHelper.swift; sourceTree = "<group>"; };
		0AEF52632452742E0056286B /* PatchLogViewController.swift */ = {isa = PBXFileReference; lastKnownFileType = sourcecode.swift; path = PatchLogViewController.swift; sourceTree = "<group>"; };
		0AEFF82A24470EAF0032156C /* WardrobesTableViewController.swift */ = {isa = PBXFileReference; lastKnownFileType = sourcecode.swift; path = WardrobesTableViewController.swift; sourceTree = "<group>"; };
		0AEFF82C24470EC30032156C /* WardrobetabTableViewCell.swift */ = {isa = PBXFileReference; lastKnownFileType = sourcecode.swift; path = WardrobetabTableViewCell.swift; sourceTree = "<group>"; };
		0AEFF82E24471CD90032156C /* Wardrobe.swift */ = {isa = PBXFileReference; lastKnownFileType = sourcecode.swift; path = Wardrobe.swift; sourceTree = "<group>"; };
		0AFD704B24419DD300957BE6 /* NookNook.app */ = {isa = PBXFileReference; explicitFileType = wrapper.application; includeInIndex = 0; path = NookNook.app; sourceTree = BUILT_PRODUCTS_DIR; };
		0AFD704E24419DD300957BE6 /* AppDelegate.swift */ = {isa = PBXFileReference; lastKnownFileType = sourcecode.swift; path = AppDelegate.swift; sourceTree = "<group>"; };
		0AFD705024419DD300957BE6 /* SceneDelegate.swift */ = {isa = PBXFileReference; lastKnownFileType = sourcecode.swift; path = SceneDelegate.swift; sourceTree = "<group>"; };
		0AFD705524419DD300957BE6 /* Base */ = {isa = PBXFileReference; lastKnownFileType = file.storyboard; name = Base; path = Base.lproj/Main.storyboard; sourceTree = "<group>"; };
		0AFD705724419DD500957BE6 /* Assets.xcassets */ = {isa = PBXFileReference; lastKnownFileType = folder.assetcatalog; path = Assets.xcassets; sourceTree = "<group>"; };
		0AFD705A24419DD500957BE6 /* Base */ = {isa = PBXFileReference; lastKnownFileType = file.storyboard; name = Base; path = Base.lproj/LaunchScreen.storyboard; sourceTree = "<group>"; };
		0AFD705C24419DD500957BE6 /* Info.plist */ = {isa = PBXFileReference; lastKnownFileType = text.plist.xml; path = Info.plist; sourceTree = "<group>"; };
		0AFD70692441BA7500957BE6 /* HomeViewController.swift */ = {isa = PBXFileReference; lastKnownFileType = sourcecode.swift; path = HomeViewController.swift; sourceTree = "<group>"; };
		0AFD706B2441BFEE00957BE6 /* ItemsTableViewController.swift */ = {isa = PBXFileReference; lastKnownFileType = sourcecode.swift; path = ItemsTableViewController.swift; sourceTree = "<group>"; };
		0AFD70722441D2B200957BE6 /* ItemTableViewCell.swift */ = {isa = PBXFileReference; lastKnownFileType = sourcecode.swift; path = ItemTableViewCell.swift; sourceTree = "<group>"; };
		0AFD70742441D9BF00957BE6 /* Item.swift */ = {isa = PBXFileReference; lastKnownFileType = sourcecode.swift; path = Item.swift; sourceTree = "<group>"; };
		0FC0B9212811082E98C0131C /* Pods-NookNook.release.xcconfig */ = {isa = PBXFileReference; includeInIndex = 1; lastKnownFileType = text.xcconfig; name = "Pods-NookNook.release.xcconfig"; path = "Target Support Files/Pods-NookNook/Pods-NookNook.release.xcconfig"; sourceTree = "<group>"; };
		3A4557804DEA2E2611BA88D4 /* Pods_NookNook.framework */ = {isa = PBXFileReference; explicitFileType = wrapper.framework; includeInIndex = 0; path = Pods_NookNook.framework; sourceTree = BUILT_PRODUCTS_DIR; };
		5F2D55C25D11CEC5AE82E7DC /* Pods-NookNook.debug.xcconfig */ = {isa = PBXFileReference; includeInIndex = 1; lastKnownFileType = text.xcconfig; name = "Pods-NookNook.debug.xcconfig"; path = "Target Support Files/Pods-NookNook/Pods-NookNook.debug.xcconfig"; sourceTree = "<group>"; };
/* End PBXFileReference section */

/* Begin PBXFrameworksBuildPhase section */
		0AFD704824419DD300957BE6 /* Frameworks */ = {
			isa = PBXFrameworksBuildPhase;
			buildActionMask = 2147483647;
			files = (
				0ACCF3A924567BB200F9C62E /* WhatsNewKit in Frameworks */,
				0A964998244E5FBE00C8E19D /* TweeTextField in Frameworks */,
				0A01F3102442DB8A001499D5 /* SDWebImage in Frameworks */,
				0AFD70642441B80500957BE6 /* SwiftyJSON in Frameworks */,
				D02015DDD8C8A4BAE7285CAB /* Pods_NookNook.framework in Frameworks */,
			);
			runOnlyForDeploymentPostprocessing = 0;
		};
/* End PBXFrameworksBuildPhase section */

/* Begin PBXGroup section */
		0A01F30B2442D9E9001499D5 /* Engine */ = {
			isa = PBXGroup;
			children = (
				0A01F31124431724001499D5 /* ImageEngine.swift */,
				0A370B6D24444BD800A72048 /* DataEngine.swift */,
				0A3642852446CC070081315A /* TimeMonthEngine.swift */,
				0A65203024499B6400692E74 /* PersistEngine.swift */,
				0A23BBCB244ACE94009B5178 /* SortEngine.swift */,
				0A370B6B2444467900A72048 /* PriceEngine.swift */,
				0A887F9024508F280044EAEA /* UDHelper.swift */,
				0A149FF124512E7B0080941A /* ImagePersistEngine.swift */,
			);
			path = Engine;
			sourceTree = "<group>";
		};
		0A01F31324431BB2001499D5 /* App */ = {
			isa = PBXGroup;
			children = (
				0ACCF3AA245682F200F9C62E /* WhatsNew */,
				0A6862A7244D498800E06C74 /* Settings */,
				0A97C2F9244C94EE0062B136 /* Favourites */,
				0A739A3F244B58C500002B89 /* Dashboard */,
				0A01F31524431BDF001499D5 /* Home */,
				0A01F31424431BBB001499D5 /* Items */,
				0A7FA6A1244596FD00921079 /* Critters */,
				0A370BAB2444794000A72048 /* Categories */,
				0AEFF82924470D1A0032156C /* Wardrobes */,
				0AC89E3E24494174009ADB18 /* Villagers */,
				0A72C36F2445AD73009FA0D4 /* Detail */,
			);
			path = App;
			sourceTree = "<group>";
		};
		0A01F31424431BBB001499D5 /* Items */ = {
			isa = PBXGroup;
			children = (
				0AFD706B2441BFEE00957BE6 /* ItemsTableViewController.swift */,
				0AFD70722441D2B200957BE6 /* ItemTableViewCell.swift */,
			);
			path = Items;
			sourceTree = "<group>";
		};
		0A01F31524431BDF001499D5 /* Home */ = {
			isa = PBXGroup;
			children = (
				0AFD70692441BA7500957BE6 /* HomeViewController.swift */,
			);
			path = Home;
			sourceTree = "<group>";
		};
		0A14A0052451984B0080941A /* CrittersMonthly */ = {
			isa = PBXGroup;
			children = (
				0A14A0062451986B0080941A /* CrittersMonthlyTableViewController.swift */,
			);
			path = CrittersMonthly;
			sourceTree = "<group>";
		};
		0A370B5D2443221100A72048 /* System */ = {
			isa = PBXGroup;
			children = (
				0AFD704E24419DD300957BE6 /* AppDelegate.swift */,
				0AFD705024419DD300957BE6 /* SceneDelegate.swift */,
			);
			path = System;
			sourceTree = "<group>";
		};
		0A370B682444417800A72048 /* Data */ = {
			isa = PBXGroup;
			children = (
				0A595B902453252D00F37E15 /* housewares.json */,
				0A595B962453349B00F37E15 /* art.json */,
				0AADD4172448ADB4004FDA33 /* bugsMain.json */,
				0AADD4182448ADB4004FDA33 /* fishesMain.json */,
				0A36427F24469C600081315A /* bugsSecondary.json */,
				0AADD40F244870D9004FDA33 /* fishesSecondary.json */,
				0A26E7B624475B6300D80594 /* villagers.json */,
				0A595BA724533B3F00F37E15 /* fossils.json */,
				0A595BA624533B3F00F37E15 /* other.json */,
				0A370B702444543000A72048 /* accessories.json */,
				0A370B882444543200A72048 /* bags.json */,
				0A370B742444543000A72048 /* bottoms.json */,
				0A370B8B2444543200A72048 /* construction.json */,
				0A370B7B2444543000A72048 /* dresses.json */,
				0A595B9A245339AF00F37E15 /* floors.json */,
				0A370B832444543100A72048 /* headwear.json */,
				0A370B802444543100A72048 /* nookmiles.json */,
				0A595BA024533A4E00F37E15 /* fencing.json */,
				0A595B9E24533A1D00F37E15 /* photos.json */,
				0A370B7E2444543100A72048 /* posters.json */,
				0A595B9C245339DD00F37E15 /* rugs.json */,
				0A370B7F2444543100A72048 /* recipes.json */,
				0A595B942453344A00F37E15 /* miscellaneous.json */,
				0A370B732444543000A72048 /* shoes.json */,
				0A595BA224533A6500F37E15 /* tools.json */,
				0A595BAA24533C8C00F37E15 /* tops.json */,
				0A370B812444543100A72048 /* socks.json */,
				0A595BA424533AB200F37E15 /* music.json */,
				0A370B712444543000A72048 /* umbrellas.json */,
				0A595B982453393400F37E15 /* wall-mounted.json */,
				0A595B922453334C00F37E15 /* wallpapers.json */,
			);
			path = Data;
			sourceTree = "<group>";
		};
		0A370BAB2444794000A72048 /* Categories */ = {
			isa = PBXGroup;
			children = (
				0A370BAE2444796400A72048 /* CategoriesTableViewController.swift */,
				0A370BAC2444795700A72048 /* CategoryTableViewCell.swift */,
			);
			path = Categories;
			sourceTree = "<group>";
		};
		0A6862A7244D498800E06C74 /* Settings */ = {
			isa = PBXGroup;
			children = (
				0AEF5262245273FF0056286B /* Patch Log */,
				0A6862AA244D638E00E06C74 /* Edit Info */,
				0A6862A8244D499C00E06C74 /* SettingsTableViewController.swift */,
			);
			path = Settings;
			sourceTree = "<group>";
		};
		0A6862AA244D638E00E06C74 /* Edit Info */ = {
			isa = PBXGroup;
			children = (
				0A6862AB244D63A700E06C74 /* EditInfoViewController.swift */,
				0A887F8C2450890C0044EAEA /* FruitsTableViewController.swift */,
			);
			path = "Edit Info";
			sourceTree = "<group>";
		};
		0A72C36F2445AD73009FA0D4 /* Detail */ = {
			isa = PBXGroup;
			children = (
				0A72C3702445AD8F009FA0D4 /* DetailViewController.swift */,
				0A72C3742445FD93009FA0D4 /* VariantCollectionViewCell.swift */,
			);
			path = Detail;
			sourceTree = "<group>";
		};
		0A739A3F244B58C500002B89 /* Dashboard */ = {
			isa = PBXGroup;
			children = (
				0A14A0052451984B0080941A /* CrittersMonthly */,
				0A739A40244B592200002B89 /* DashboardViewController.swift */,
				0A739A42244BE55600002B89 /* ResidentCollectionViewCell.swift */,
				0A14A001245155A10080941A /* ResidentHelper.swift */,
				0AC703B32451C749008D7C77 /* CritterHelper.swift */,
			);
			path = Dashboard;
			sourceTree = "<group>";
		};
		0A7FA6A1244596FD00921079 /* Critters */ = {
			isa = PBXGroup;
			children = (
				0A7FA6A22445971900921079 /* CrittersTableViewController.swift */,
				0A7FA6A42445972A00921079 /* CritterTableViewCell.swift */,
			);
			path = Critters;
			sourceTree = "<group>";
		};
		0A97C2F9244C94EE0062B136 /* Favourites */ = {
			isa = PBXGroup;
			children = (
				0A97C2FA244C95290062B136 /* FavouritesTableViewController.swift */,
				0A97C2FC244C95360062B136 /* FavouriteTableViewCell.swift */,
				0A6862A5244D3DAB00E06C74 /* SCHeper.swift */,
			);
			path = Favourites;
			sourceTree = "<group>";
		};
		0AC89E3E24494174009ADB18 /* Villagers */ = {
			isa = PBXGroup;
			children = (
				0AC89E412449419A009ADB18 /* VillagersTableViewController.swift */,
				0AC89E3F2449418B009ADB18 /* VillagerTableViewCell.swift */,
			);
			path = Villagers;
			sourceTree = "<group>";
		};
		0ACCF3AA245682F200F9C62E /* WhatsNew */ = {
			isa = PBXGroup;
			children = (
				0ACCF3AB2456830A00F9C62E /* WhatsNewHelper.swift */,
			);
			path = WhatsNew;
			sourceTree = "<group>";
		};
		0AEF5262245273FF0056286B /* Patch Log */ = {
			isa = PBXGroup;
			children = (
				0AEF52632452742E0056286B /* PatchLogViewController.swift */,
			);
			path = "Patch Log";
			sourceTree = "<group>";
		};
		0AEFF82924470D1A0032156C /* Wardrobes */ = {
			isa = PBXGroup;
			children = (
				0AEFF82A24470EAF0032156C /* WardrobesTableViewController.swift */,
				0AEFF82C24470EC30032156C /* WardrobetabTableViewCell.swift */,
			);
			path = Wardrobes;
			sourceTree = "<group>";
		};
		0AFD704224419DD300957BE6 = {
			isa = PBXGroup;
			children = (
				0AFD704D24419DD300957BE6 /* NookNook */,
				0AFD704C24419DD300957BE6 /* Products */,
				26589D3C1D6EDD4DE75F7739 /* Frameworks */,
				B9CACF7B7CE535B37D8DD9A4 /* Pods */,
			);
			sourceTree = "<group>";
		};
		0AFD704C24419DD300957BE6 /* Products */ = {
			isa = PBXGroup;
			children = (
				0AFD704B24419DD300957BE6 /* NookNook.app */,
			);
			name = Products;
			sourceTree = "<group>";
		};
		0AFD704D24419DD300957BE6 /* NookNook */ = {
			isa = PBXGroup;
			children = (
				0A370B682444417800A72048 /* Data */,
				0A01F31324431BB2001499D5 /* App */,
				0A01F30B2442D9E9001499D5 /* Engine */,
				0AFD70672441B91700957BE6 /* Model */,
				0A370B5D2443221100A72048 /* System */,
				0AFD70652441B85F00957BE6 /* Utils */,
				0AFD705424419DD300957BE6 /* Main.storyboard */,
				0AFD705724419DD500957BE6 /* Assets.xcassets */,
				0AFD705924419DD500957BE6 /* LaunchScreen.storyboard */,
				0AFD705C24419DD500957BE6 /* Info.plist */,
			);
			path = NookNook;
			sourceTree = "<group>";
		};
		0AFD70652441B85F00957BE6 /* Utils */ = {
			isa = PBXGroup;
			children = (
				0A6B5637244FCE9400AA0B86 /* DateHelper.swift */,
				0A23BBCF244AE1D5009B5178 /* Fruits.swift */,
				0A370B5E2443223D00A72048 /* VC+.swift */,
				0A370B60244322F100A72048 /* ColourUtil.swift */,
				0A370BA924446D7B00A72048 /* IconUtil.swift */,
				0A295B4B2444AAD0001CF828 /* Taptic.swift */,
				0A295B49244494F9001CF828 /* Categories.swift */,
				0AA3616D244C520500D326AF /* SVHelper.swift */,
				0A0B89562457A30A00EABF29 /* ModalFactory.swift */,
			);
			path = Utils;
			sourceTree = "<group>";
		};
		0AFD70672441B91700957BE6 /* Model */ = {
			isa = PBXGroup;
			children = (
				0AFD70742441D9BF00957BE6 /* Item.swift */,
				0A36427D244695FE0081315A /* Critter.swift */,
				0AEFF82E24471CD90032156C /* Wardrobe.swift */,
				0A26E7B4244758C500D80594 /* Villager.swift */,
				0A23BBCD244ADFE6009B5178 /* User.swift */,
			);
			path = Model;
			sourceTree = "<group>";
		};
		26589D3C1D6EDD4DE75F7739 /* Frameworks */ = {
			isa = PBXGroup;
			children = (
				0AC54AF3244DF17B00AD1188 /* RAGTextField.framework */,
				0A55912B244DF0000018CF99 /* RAGTextField.framework */,
				0A559128244DCE170018CF99 /* RAGTextField.framework */,
				0A559121244DCDAD0018CF99 /* RAGTextField.framework */,
				3A4557804DEA2E2611BA88D4 /* Pods_NookNook.framework */,
			);
			name = Frameworks;
			sourceTree = "<group>";
		};
		B9CACF7B7CE535B37D8DD9A4 /* Pods */ = {
			isa = PBXGroup;
			children = (
				5F2D55C25D11CEC5AE82E7DC /* Pods-NookNook.debug.xcconfig */,
				0FC0B9212811082E98C0131C /* Pods-NookNook.release.xcconfig */,
			);
			path = Pods;
			sourceTree = "<group>";
		};
/* End PBXGroup section */

/* Begin PBXNativeTarget section */
		0AFD704A24419DD300957BE6 /* NookNook */ = {
			isa = PBXNativeTarget;
			buildConfigurationList = 0AFD705F24419DD500957BE6 /* Build configuration list for PBXNativeTarget "NookNook" */;
			buildPhases = (
				A33E9F178AE51C4EBEFC5B3E /* [CP] Check Pods Manifest.lock */,
				0AFD704724419DD300957BE6 /* Sources */,
				0AFD704824419DD300957BE6 /* Frameworks */,
				0AFD704924419DD300957BE6 /* Resources */,
				0A559127244DCE120018CF99 /* Embed Frameworks */,
				955A889AC9392D4A3F3FE72E /* [CP] Embed Pods Frameworks */,
			);
			buildRules = (
			);
			dependencies = (
			);
			name = NookNook;
			packageProductDependencies = (
				0AFD70632441B80500957BE6 /* SwiftyJSON */,
				0A01F30F2442DB8A001499D5 /* SDWebImage */,
				0A964997244E5FBE00C8E19D /* TweeTextField */,
				0ACCF3A824567BB200F9C62E /* WhatsNewKit */,
			);
			productName = NookNook;
			productReference = 0AFD704B24419DD300957BE6 /* NookNook.app */;
			productType = "com.apple.product-type.application";
		};
/* End PBXNativeTarget section */

/* Begin PBXProject section */
		0AFD704324419DD300957BE6 /* Project object */ = {
			isa = PBXProject;
			attributes = {
				LastSwiftUpdateCheck = 1130;
				LastUpgradeCheck = 1130;
				ORGANIZATIONNAME = "Kevin Laminto";
				TargetAttributes = {
					0AFD704A24419DD300957BE6 = {
						CreatedOnToolsVersion = 11.3.1;
					};
				};
			};
			buildConfigurationList = 0AFD704624419DD300957BE6 /* Build configuration list for PBXProject "NookNook" */;
			compatibilityVersion = "Xcode 9.3";
			developmentRegion = en;
			hasScannedForEncodings = 0;
			knownRegions = (
				en,
				Base,
			);
			mainGroup = 0AFD704224419DD300957BE6;
			packageReferences = (
				0AFD70622441B80500957BE6 /* XCRemoteSwiftPackageReference "SwiftyJSON" */,
				0A01F30E2442DB8A001499D5 /* XCRemoteSwiftPackageReference "SDWebImage" */,
				0A964996244E5FBE00C8E19D /* XCRemoteSwiftPackageReference "TweeTextField" */,
				0ACCF3A724567BB200F9C62E /* XCRemoteSwiftPackageReference "WhatsNewKit" */,
			);
			productRefGroup = 0AFD704C24419DD300957BE6 /* Products */;
			projectDirPath = "";
			projectRoot = "";
			targets = (
				0AFD704A24419DD300957BE6 /* NookNook */,
			);
		};
/* End PBXProject section */

/* Begin PBXResourcesBuildPhase section */
		0AFD704924419DD300957BE6 /* Resources */ = {
			isa = PBXResourcesBuildPhase;
			buildActionMask = 2147483647;
			files = (
				0A595B932453334C00F37E15 /* wallpapers.json in Resources */,
				0A370B9E2444543200A72048 /* socks.json in Resources */,
				0A595BA124533A4E00F37E15 /* fencing.json in Resources */,
				0A26E7B724475B6300D80594 /* villagers.json in Resources */,
				0A370B982444543200A72048 /* dresses.json in Resources */,
				0A595B972453349B00F37E15 /* art.json in Resources */,
				0A595BA324533A6600F37E15 /* tools.json in Resources */,
				0A370B8E2444543200A72048 /* umbrellas.json in Resources */,
				0A595B9B245339B000F37E15 /* floors.json in Resources */,
				0AADD410244870D9004FDA33 /* fishesSecondary.json in Resources */,
				0AADD4192448ADB4004FDA33 /* bugsMain.json in Resources */,
				0A370B8D2444543200A72048 /* accessories.json in Resources */,
				0A595B992453393400F37E15 /* wall-mounted.json in Resources */,
				0A595B9D245339DD00F37E15 /* rugs.json in Resources */,
				0A595BA924533B3F00F37E15 /* fossils.json in Resources */,
				0AFD705B24419DD500957BE6 /* LaunchScreen.storyboard in Resources */,
				0AFD705824419DD500957BE6 /* Assets.xcassets in Resources */,
				0A595B952453344A00F37E15 /* miscellaneous.json in Resources */,
				0AADD41A2448ADB4004FDA33 /* fishesMain.json in Resources */,
				0A370B912444543200A72048 /* bottoms.json in Resources */,
				0A370B9B2444543200A72048 /* posters.json in Resources */,
				0A595BA524533AB200F37E15 /* music.json in Resources */,
				0A370BA02444543200A72048 /* headwear.json in Resources */,
				0A36428024469C600081315A /* bugsSecondary.json in Resources */,
				0A370BA82444543200A72048 /* construction.json in Resources */,
				0AFD705624419DD300957BE6 /* Main.storyboard in Resources */,
				0A595B912453252D00F37E15 /* housewares.json in Resources */,
				0A370BA52444543200A72048 /* bags.json in Resources */,
				0A370B9D2444543200A72048 /* nookmiles.json in Resources */,
				0A595BA824533B3F00F37E15 /* other.json in Resources */,
				0A370B9C2444543200A72048 /* recipes.json in Resources */,
				0A595B9F24533A1D00F37E15 /* photos.json in Resources */,
				0A370B902444543200A72048 /* shoes.json in Resources */,
				0A595BAB24533C8C00F37E15 /* tops.json in Resources */,
			);
			runOnlyForDeploymentPostprocessing = 0;
		};
/* End PBXResourcesBuildPhase section */

/* Begin PBXShellScriptBuildPhase section */
		955A889AC9392D4A3F3FE72E /* [CP] Embed Pods Frameworks */ = {
			isa = PBXShellScriptBuildPhase;
			buildActionMask = 2147483647;
			files = (
			);
			inputFileListPaths = (
				"${PODS_ROOT}/Target Support Files/Pods-NookNook/Pods-NookNook-frameworks-${CONFIGURATION}-input-files.xcfilelist",
			);
			name = "[CP] Embed Pods Frameworks";
			outputFileListPaths = (
				"${PODS_ROOT}/Target Support Files/Pods-NookNook/Pods-NookNook-frameworks-${CONFIGURATION}-output-files.xcfilelist",
			);
			runOnlyForDeploymentPostprocessing = 0;
			shellPath = /bin/sh;
			shellScript = "\"${PODS_ROOT}/Target Support Files/Pods-NookNook/Pods-NookNook-frameworks.sh\"\n";
			showEnvVarsInLog = 0;
		};
		A33E9F178AE51C4EBEFC5B3E /* [CP] Check Pods Manifest.lock */ = {
			isa = PBXShellScriptBuildPhase;
			buildActionMask = 2147483647;
			files = (
			);
			inputFileListPaths = (
			);
			inputPaths = (
				"${PODS_PODFILE_DIR_PATH}/Podfile.lock",
				"${PODS_ROOT}/Manifest.lock",
			);
			name = "[CP] Check Pods Manifest.lock";
			outputFileListPaths = (
			);
			outputPaths = (
				"$(DERIVED_FILE_DIR)/Pods-NookNook-checkManifestLockResult.txt",
			);
			runOnlyForDeploymentPostprocessing = 0;
			shellPath = /bin/sh;
			shellScript = "diff \"${PODS_PODFILE_DIR_PATH}/Podfile.lock\" \"${PODS_ROOT}/Manifest.lock\" > /dev/null\nif [ $? != 0 ] ; then\n    # print error to STDERR\n    echo \"error: The sandbox is not in sync with the Podfile.lock. Run 'pod install' or update your CocoaPods installation.\" >&2\n    exit 1\nfi\n# This output is used by Xcode 'outputs' to avoid re-running this script phase.\necho \"SUCCESS\" > \"${SCRIPT_OUTPUT_FILE_0}\"\n";
			showEnvVarsInLog = 0;
		};
/* End PBXShellScriptBuildPhase section */

/* Begin PBXSourcesBuildPhase section */
		0AFD704724419DD300957BE6 /* Sources */ = {
			isa = PBXSourcesBuildPhase;
			buildActionMask = 2147483647;
			files = (
				0A739A43244BE55600002B89 /* ResidentCollectionViewCell.swift in Sources */,
				0A97C2FD244C95360062B136 /* FavouriteTableViewCell.swift in Sources */,
				0AC89E402449418B009ADB18 /* VillagerTableViewCell.swift in Sources */,
				0A23BBCC244ACE94009B5178 /* SortEngine.swift in Sources */,
				0A295B4A244494F9001CF828 /* Categories.swift in Sources */,
				0A14A0072451986B0080941A /* CrittersMonthlyTableViewController.swift in Sources */,
				0A370B5F2443223D00A72048 /* VC+.swift in Sources */,
				0A23BBD0244AE1D5009B5178 /* Fruits.swift in Sources */,
				0AEF52642452742E0056286B /* PatchLogViewController.swift in Sources */,
				0A23BBCE244ADFE6009B5178 /* User.swift in Sources */,
				0A6862AC244D63A700E06C74 /* EditInfoViewController.swift in Sources */,
				0A739A41244B592300002B89 /* DashboardViewController.swift in Sources */,
				0AA3616E244C520500D326AF /* SVHelper.swift in Sources */,
				0A7FA6A32445971900921079 /* CrittersTableViewController.swift in Sources */,
				0A887F9124508F280044EAEA /* UDHelper.swift in Sources */,
				0A0B89572457A30A00EABF29 /* ModalFactory.swift in Sources */,
				0A7FA6A52445972A00921079 /* CritterTableViewCell.swift in Sources */,
				0A36427E244695FE0081315A /* Critter.swift in Sources */,
				0AFD704F24419DD300957BE6 /* AppDelegate.swift in Sources */,
				0A6862A9244D499C00E06C74 /* SettingsTableViewController.swift in Sources */,
				0A370B6E24444BD800A72048 /* DataEngine.swift in Sources */,
				0AFD705124419DD300957BE6 /* SceneDelegate.swift in Sources */,
				0A370BAA24446D7B00A72048 /* IconUtil.swift in Sources */,
				0A370B61244322F100A72048 /* ColourUtil.swift in Sources */,
				0A97C2FB244C95290062B136 /* FavouritesTableViewController.swift in Sources */,
				0AFD70752441D9BF00957BE6 /* Item.swift in Sources */,
				0A887F8D2450890C0044EAEA /* FruitsTableViewController.swift in Sources */,
				0A6862A6244D3DAB00E06C74 /* SCHeper.swift in Sources */,
				0A26E7B5244758C500D80594 /* Villager.swift in Sources */,
				0AEFF82B24470EAF0032156C /* WardrobesTableViewController.swift in Sources */,
				0A72C3752445FD93009FA0D4 /* VariantCollectionViewCell.swift in Sources */,
				0A65203124499B6400692E74 /* PersistEngine.swift in Sources */,
				0A3642862446CC070081315A /* TimeMonthEngine.swift in Sources */,
				0A72C3712445AD8F009FA0D4 /* DetailViewController.swift in Sources */,
				0AC89E422449419A009ADB18 /* VillagersTableViewController.swift in Sources */,
				0AFD706C2441BFEE00957BE6 /* ItemsTableViewController.swift in Sources */,
				0A01F31224431725001499D5 /* ImageEngine.swift in Sources */,
				0A149FF224512E7B0080941A /* ImagePersistEngine.swift in Sources */,
				0AFD70732441D2B200957BE6 /* ItemTableViewCell.swift in Sources */,
				0AEFF82D24470EC30032156C /* WardrobetabTableViewCell.swift in Sources */,
				0AFD706A2441BA7500957BE6 /* HomeViewController.swift in Sources */,
				0A6B5638244FCE9400AA0B86 /* DateHelper.swift in Sources */,
				0AEFF82F24471CD90032156C /* Wardrobe.swift in Sources */,
				0A295B4C2444AAD0001CF828 /* Taptic.swift in Sources */,
				0A370BAD2444795700A72048 /* CategoryTableViewCell.swift in Sources */,
				0A370B6C2444467900A72048 /* PriceEngine.swift in Sources */,
				0AC703B42451C749008D7C77 /* CritterHelper.swift in Sources */,
				0ACCF3AC2456830A00F9C62E /* WhatsNewHelper.swift in Sources */,
				0A370BAF2444796400A72048 /* CategoriesTableViewController.swift in Sources */,
				0A14A002245155A10080941A /* ResidentHelper.swift in Sources */,
			);
			runOnlyForDeploymentPostprocessing = 0;
		};
/* End PBXSourcesBuildPhase section */

/* Begin PBXVariantGroup section */
		0AFD705424419DD300957BE6 /* Main.storyboard */ = {
			isa = PBXVariantGroup;
			children = (
				0AFD705524419DD300957BE6 /* Base */,
			);
			name = Main.storyboard;
			sourceTree = "<group>";
		};
		0AFD705924419DD500957BE6 /* LaunchScreen.storyboard */ = {
			isa = PBXVariantGroup;
			children = (
				0AFD705A24419DD500957BE6 /* Base */,
			);
			name = LaunchScreen.storyboard;
			sourceTree = "<group>";
		};
/* End PBXVariantGroup section */

/* Begin XCBuildConfiguration section */
		0AFD705D24419DD500957BE6 /* Debug */ = {
			isa = XCBuildConfiguration;
			buildSettings = {
				ALWAYS_SEARCH_USER_PATHS = NO;
				CLANG_ANALYZER_NONNULL = YES;
				CLANG_ANALYZER_NUMBER_OBJECT_CONVERSION = YES_AGGRESSIVE;
				CLANG_CXX_LANGUAGE_STANDARD = "gnu++14";
				CLANG_CXX_LIBRARY = "libc++";
				CLANG_ENABLE_MODULES = YES;
				CLANG_ENABLE_OBJC_ARC = YES;
				CLANG_ENABLE_OBJC_WEAK = YES;
				CLANG_WARN_BLOCK_CAPTURE_AUTORELEASING = YES;
				CLANG_WARN_BOOL_CONVERSION = YES;
				CLANG_WARN_COMMA = YES;
				CLANG_WARN_CONSTANT_CONVERSION = YES;
				CLANG_WARN_DEPRECATED_OBJC_IMPLEMENTATIONS = YES;
				CLANG_WARN_DIRECT_OBJC_ISA_USAGE = YES_ERROR;
				CLANG_WARN_DOCUMENTATION_COMMENTS = YES;
				CLANG_WARN_EMPTY_BODY = YES;
				CLANG_WARN_ENUM_CONVERSION = YES;
				CLANG_WARN_INFINITE_RECURSION = YES;
				CLANG_WARN_INT_CONVERSION = YES;
				CLANG_WARN_NON_LITERAL_NULL_CONVERSION = YES;
				CLANG_WARN_OBJC_IMPLICIT_RETAIN_SELF = YES;
				CLANG_WARN_OBJC_LITERAL_CONVERSION = YES;
				CLANG_WARN_OBJC_ROOT_CLASS = YES_ERROR;
				CLANG_WARN_RANGE_LOOP_ANALYSIS = YES;
				CLANG_WARN_STRICT_PROTOTYPES = YES;
				CLANG_WARN_SUSPICIOUS_MOVE = YES;
				CLANG_WARN_UNGUARDED_AVAILABILITY = YES_AGGRESSIVE;
				CLANG_WARN_UNREACHABLE_CODE = YES;
				CLANG_WARN__DUPLICATE_METHOD_MATCH = YES;
				COPY_PHASE_STRIP = NO;
				DEBUG_INFORMATION_FORMAT = dwarf;
				ENABLE_STRICT_OBJC_MSGSEND = YES;
				ENABLE_TESTABILITY = YES;
				GCC_C_LANGUAGE_STANDARD = gnu11;
				GCC_DYNAMIC_NO_PIC = NO;
				GCC_NO_COMMON_BLOCKS = YES;
				GCC_OPTIMIZATION_LEVEL = 0;
				GCC_PREPROCESSOR_DEFINITIONS = (
					"DEBUG=1",
					"$(inherited)",
				);
				GCC_WARN_64_TO_32_BIT_CONVERSION = YES;
				GCC_WARN_ABOUT_RETURN_TYPE = YES_ERROR;
				GCC_WARN_UNDECLARED_SELECTOR = YES;
				GCC_WARN_UNINITIALIZED_AUTOS = YES_AGGRESSIVE;
				GCC_WARN_UNUSED_FUNCTION = YES;
				GCC_WARN_UNUSED_VARIABLE = YES;
				IPHONEOS_DEPLOYMENT_TARGET = 13.2;
				MTL_ENABLE_DEBUG_INFO = INCLUDE_SOURCE;
				MTL_FAST_MATH = YES;
				ONLY_ACTIVE_ARCH = YES;
				SDKROOT = iphoneos;
				SWIFT_ACTIVE_COMPILATION_CONDITIONS = DEBUG;
				SWIFT_OPTIMIZATION_LEVEL = "-Onone";
			};
			name = Debug;
		};
		0AFD705E24419DD500957BE6 /* Release */ = {
			isa = XCBuildConfiguration;
			buildSettings = {
				ALWAYS_SEARCH_USER_PATHS = NO;
				CLANG_ANALYZER_NONNULL = YES;
				CLANG_ANALYZER_NUMBER_OBJECT_CONVERSION = YES_AGGRESSIVE;
				CLANG_CXX_LANGUAGE_STANDARD = "gnu++14";
				CLANG_CXX_LIBRARY = "libc++";
				CLANG_ENABLE_MODULES = YES;
				CLANG_ENABLE_OBJC_ARC = YES;
				CLANG_ENABLE_OBJC_WEAK = YES;
				CLANG_WARN_BLOCK_CAPTURE_AUTORELEASING = YES;
				CLANG_WARN_BOOL_CONVERSION = YES;
				CLANG_WARN_COMMA = YES;
				CLANG_WARN_CONSTANT_CONVERSION = YES;
				CLANG_WARN_DEPRECATED_OBJC_IMPLEMENTATIONS = YES;
				CLANG_WARN_DIRECT_OBJC_ISA_USAGE = YES_ERROR;
				CLANG_WARN_DOCUMENTATION_COMMENTS = YES;
				CLANG_WARN_EMPTY_BODY = YES;
				CLANG_WARN_ENUM_CONVERSION = YES;
				CLANG_WARN_INFINITE_RECURSION = YES;
				CLANG_WARN_INT_CONVERSION = YES;
				CLANG_WARN_NON_LITERAL_NULL_CONVERSION = YES;
				CLANG_WARN_OBJC_IMPLICIT_RETAIN_SELF = YES;
				CLANG_WARN_OBJC_LITERAL_CONVERSION = YES;
				CLANG_WARN_OBJC_ROOT_CLASS = YES_ERROR;
				CLANG_WARN_RANGE_LOOP_ANALYSIS = YES;
				CLANG_WARN_STRICT_PROTOTYPES = YES;
				CLANG_WARN_SUSPICIOUS_MOVE = YES;
				CLANG_WARN_UNGUARDED_AVAILABILITY = YES_AGGRESSIVE;
				CLANG_WARN_UNREACHABLE_CODE = YES;
				CLANG_WARN__DUPLICATE_METHOD_MATCH = YES;
				COPY_PHASE_STRIP = NO;
				DEBUG_INFORMATION_FORMAT = "dwarf-with-dsym";
				ENABLE_NS_ASSERTIONS = NO;
				ENABLE_STRICT_OBJC_MSGSEND = YES;
				GCC_C_LANGUAGE_STANDARD = gnu11;
				GCC_NO_COMMON_BLOCKS = YES;
				GCC_WARN_64_TO_32_BIT_CONVERSION = YES;
				GCC_WARN_ABOUT_RETURN_TYPE = YES_ERROR;
				GCC_WARN_UNDECLARED_SELECTOR = YES;
				GCC_WARN_UNINITIALIZED_AUTOS = YES_AGGRESSIVE;
				GCC_WARN_UNUSED_FUNCTION = YES;
				GCC_WARN_UNUSED_VARIABLE = YES;
				IPHONEOS_DEPLOYMENT_TARGET = 13.2;
				MTL_ENABLE_DEBUG_INFO = NO;
				MTL_FAST_MATH = YES;
				SDKROOT = iphoneos;
				SWIFT_COMPILATION_MODE = wholemodule;
				SWIFT_OPTIMIZATION_LEVEL = "-O";
				VALIDATE_PRODUCT = YES;
			};
			name = Release;
		};
		0AFD706024419DD500957BE6 /* Debug */ = {
			isa = XCBuildConfiguration;
			baseConfigurationReference = 5F2D55C25D11CEC5AE82E7DC /* Pods-NookNook.debug.xcconfig */;
			buildSettings = {
				ASSETCATALOG_COMPILER_APPICON_NAME = AppIcon;
				CODE_SIGN_STYLE = Automatic;
				CURRENT_PROJECT_VERSION = 290420201;
				DEVELOPMENT_TEAM = D87H8GPTK2;
				INFOPLIST_FILE = NookNook/Info.plist;
				IPHONEOS_DEPLOYMENT_TARGET = 13.0;
				LD_RUNPATH_SEARCH_PATHS = (
					"$(inherited)",
					"@executable_path/Frameworks",
				);
				MARKETING_VERSION = 1.0.0;
				PRODUCT_BUNDLE_IDENTIFIER = com.kevinlaminto.NookNook;
				PRODUCT_NAME = "$(TARGET_NAME)";
				SWIFT_VERSION = 5.0;
				TARGETED_DEVICE_FAMILY = 1;
			};
			name = Debug;
		};
		0AFD706124419DD500957BE6 /* Release */ = {
			isa = XCBuildConfiguration;
			baseConfigurationReference = 0FC0B9212811082E98C0131C /* Pods-NookNook.release.xcconfig */;
			buildSettings = {
				ASSETCATALOG_COMPILER_APPICON_NAME = AppIcon;
				CODE_SIGN_STYLE = Automatic;
				CURRENT_PROJECT_VERSION = 290420201;
				DEVELOPMENT_TEAM = D87H8GPTK2;
				INFOPLIST_FILE = NookNook/Info.plist;
				IPHONEOS_DEPLOYMENT_TARGET = 13.0;
				LD_RUNPATH_SEARCH_PATHS = (
					"$(inherited)",
					"@executable_path/Frameworks",
				);
				MARKETING_VERSION = 1.0.0;
				PRODUCT_BUNDLE_IDENTIFIER = com.kevinlaminto.NookNook;
				PRODUCT_NAME = "$(TARGET_NAME)";
				SWIFT_VERSION = 5.0;
				TARGETED_DEVICE_FAMILY = 1;
			};
			name = Release;
		};
/* End XCBuildConfiguration section */

/* Begin XCConfigurationList section */
		0AFD704624419DD300957BE6 /* Build configuration list for PBXProject "NookNook" */ = {
			isa = XCConfigurationList;
			buildConfigurations = (
				0AFD705D24419DD500957BE6 /* Debug */,
				0AFD705E24419DD500957BE6 /* Release */,
			);
			defaultConfigurationIsVisible = 0;
			defaultConfigurationName = Release;
		};
		0AFD705F24419DD500957BE6 /* Build configuration list for PBXNativeTarget "NookNook" */ = {
			isa = XCConfigurationList;
			buildConfigurations = (
				0AFD706024419DD500957BE6 /* Debug */,
				0AFD706124419DD500957BE6 /* Release */,
			);
			defaultConfigurationIsVisible = 0;
			defaultConfigurationName = Release;
		};
/* End XCConfigurationList section */

/* Begin XCRemoteSwiftPackageReference section */
		0A01F30E2442DB8A001499D5 /* XCRemoteSwiftPackageReference "SDWebImage" */ = {
			isa = XCRemoteSwiftPackageReference;
			repositoryURL = "https://github.com/SDWebImage/SDWebImage.git";
			requirement = {
				kind = upToNextMajorVersion;
				minimumVersion = 5.7.2;
			};
		};
		0A964996244E5FBE00C8E19D /* XCRemoteSwiftPackageReference "TweeTextField" */ = {
			isa = XCRemoteSwiftPackageReference;
			repositoryURL = "https://github.com/oleghnidets/TweeTextField.git";
			requirement = {
				kind = upToNextMajorVersion;
				minimumVersion = 1.6.3;
			};
		};
		0ACCF3A724567BB200F9C62E /* XCRemoteSwiftPackageReference "WhatsNewKit" */ = {
			isa = XCRemoteSwiftPackageReference;
			repositoryURL = "https://github.com/SvenTiigi/WhatsNewKit.git";
			requirement = {
				kind = upToNextMajorVersion;
				minimumVersion = 1.3.2;
			};
		};
		0AFD70622441B80500957BE6 /* XCRemoteSwiftPackageReference "SwiftyJSON" */ = {
			isa = XCRemoteSwiftPackageReference;
			repositoryURL = "https://github.com/SwiftyJSON/SwiftyJSON";
			requirement = {
				kind = upToNextMajorVersion;
				minimumVersion = 5.0.0;
			};
		};
/* End XCRemoteSwiftPackageReference section */

/* Begin XCSwiftPackageProductDependency section */
		0A01F30F2442DB8A001499D5 /* SDWebImage */ = {
			isa = XCSwiftPackageProductDependency;
			package = 0A01F30E2442DB8A001499D5 /* XCRemoteSwiftPackageReference "SDWebImage" */;
			productName = SDWebImage;
		};
		0A964997244E5FBE00C8E19D /* TweeTextField */ = {
			isa = XCSwiftPackageProductDependency;
			package = 0A964996244E5FBE00C8E19D /* XCRemoteSwiftPackageReference "TweeTextField" */;
			productName = TweeTextField;
		};
		0ACCF3A824567BB200F9C62E /* WhatsNewKit */ = {
			isa = XCSwiftPackageProductDependency;
			package = 0ACCF3A724567BB200F9C62E /* XCRemoteSwiftPackageReference "WhatsNewKit" */;
			productName = WhatsNewKit;
		};
		0AFD70632441B80500957BE6 /* SwiftyJSON */ = {
			isa = XCSwiftPackageProductDependency;
			package = 0AFD70622441B80500957BE6 /* XCRemoteSwiftPackageReference "SwiftyJSON" */;
			productName = SwiftyJSON;
		};
/* End XCSwiftPackageProductDependency section */
	};
	rootObject = 0AFD704324419DD300957BE6 /* Project object */;
}
