// !$*UTF8*$!
{
	archiveVersion = 1;
	classes = {
	};
	objectVersion = 52;
	objects = {

/* Begin PBXBuildFile section */
		0A01F3102442DB8A001499D5 /* SDWebImage in Frameworks */ = {isa = PBXBuildFile; productRef = 0A01F30F2442DB8A001499D5 /* SDWebImage */; };
		0A01F31224431725001499D5 /* ImageEngine.swift in Sources */ = {isa = PBXBuildFile; fileRef = 0A01F31124431724001499D5 /* ImageEngine.swift */; };
		0A370B5F2443223D00A72048 /* VC+.swift in Sources */ = {isa = PBXBuildFile; fileRef = 0A370B5E2443223D00A72048 /* VC+.swift */; };
		0A370B61244322F100A72048 /* ColourUtil.swift in Sources */ = {isa = PBXBuildFile; fileRef = 0A370B60244322F100A72048 /* ColourUtil.swift */; };
		0AFD704F24419DD300957BE6 /* AppDelegate.swift in Sources */ = {isa = PBXBuildFile; fileRef = 0AFD704E24419DD300957BE6 /* AppDelegate.swift */; };
		0AFD705124419DD300957BE6 /* SceneDelegate.swift in Sources */ = {isa = PBXBuildFile; fileRef = 0AFD705024419DD300957BE6 /* SceneDelegate.swift */; };
		0AFD705624419DD300957BE6 /* Main.storyboard in Resources */ = {isa = PBXBuildFile; fileRef = 0AFD705424419DD300957BE6 /* Main.storyboard */; };
		0AFD705824419DD500957BE6 /* Assets.xcassets in Resources */ = {isa = PBXBuildFile; fileRef = 0AFD705724419DD500957BE6 /* Assets.xcassets */; };
		0AFD705B24419DD500957BE6 /* LaunchScreen.storyboard in Resources */ = {isa = PBXBuildFile; fileRef = 0AFD705924419DD500957BE6 /* LaunchScreen.storyboard */; };
		0AFD70642441B80500957BE6 /* SwiftyJSON in Frameworks */ = {isa = PBXBuildFile; productRef = 0AFD70632441B80500957BE6 /* SwiftyJSON */; };
		0AFD706A2441BA7500957BE6 /* HomeViewController.swift in Sources */ = {isa = PBXBuildFile; fileRef = 0AFD70692441BA7500957BE6 /* HomeViewController.swift */; };
		0AFD706C2441BFEE00957BE6 /* ItemsTableViewController.swift in Sources */ = {isa = PBXBuildFile; fileRef = 0AFD706B2441BFEE00957BE6 /* ItemsTableViewController.swift */; };
		0AFD70732441D2B200957BE6 /* ItemTableViewCell.swift in Sources */ = {isa = PBXBuildFile; fileRef = 0AFD70722441D2B200957BE6 /* ItemTableViewCell.swift */; };
		0AFD70752441D9BF00957BE6 /* Item.swift in Sources */ = {isa = PBXBuildFile; fileRef = 0AFD70742441D9BF00957BE6 /* Item.swift */; };
/* End PBXBuildFile section */

/* Begin PBXFileReference section */
		0A01F31124431724001499D5 /* ImageEngine.swift */ = {isa = PBXFileReference; lastKnownFileType = sourcecode.swift; path = ImageEngine.swift; sourceTree = "<group>"; };
		0A370B5E2443223D00A72048 /* VC+.swift */ = {isa = PBXFileReference; lastKnownFileType = sourcecode.swift; path = "VC+.swift"; sourceTree = "<group>"; };
		0A370B60244322F100A72048 /* ColourUtil.swift */ = {isa = PBXFileReference; lastKnownFileType = sourcecode.swift; path = ColourUtil.swift; sourceTree = "<group>"; };
		0AFD704B24419DD300957BE6 /* NookNook.app */ = {isa = PBXFileReference; explicitFileType = wrapper.application; includeInIndex = 0; path = NookNook.app; sourceTree = BUILT_PRODUCTS_DIR; };
		0AFD704E24419DD300957BE6 /* AppDelegate.swift */ = {isa = PBXFileReference; lastKnownFileType = sourcecode.swift; path = AppDelegate.swift; sourceTree = "<group>"; };
		0AFD705024419DD300957BE6 /* SceneDelegate.swift */ = {isa = PBXFileReference; lastKnownFileType = sourcecode.swift; path = SceneDelegate.swift; sourceTree = "<group>"; };
		0AFD705524419DD300957BE6 /* Base */ = {isa = PBXFileReference; lastKnownFileType = file.storyboard; name = Base; path = Base.lproj/Main.storyboard; sourceTree = "<group>"; };
		0AFD705724419DD500957BE6 /* Assets.xcassets */ = {isa = PBXFileReference; lastKnownFileType = folder.assetcatalog; path = Assets.xcassets; sourceTree = "<group>"; };
		0AFD705A24419DD500957BE6 /* Base */ = {isa = PBXFileReference; lastKnownFileType = file.storyboard; name = Base; path = Base.lproj/LaunchScreen.storyboard; sourceTree = "<group>"; };
		0AFD705C24419DD500957BE6 /* Info.plist */ = {isa = PBXFileReference; lastKnownFileType = text.plist.xml; path = Info.plist; sourceTree = "<group>"; };
		0AFD70692441BA7500957BE6 /* HomeViewController.swift */ = {isa = PBXFileReference; lastKnownFileType = sourcecode.swift; path = HomeViewController.swift; sourceTree = "<group>"; };
		0AFD706B2441BFEE00957BE6 /* ItemsTableViewController.swift */ = {isa = PBXFileReference; lastKnownFileType = sourcecode.swift; path = ItemsTableViewController.swift; sourceTree = "<group>"; };
		0AFD70722441D2B200957BE6 /* ItemTableViewCell.swift */ = {isa = PBXFileReference; lastKnownFileType = sourcecode.swift; path = ItemTableViewCell.swift; sourceTree = "<group>"; };
		0AFD70742441D9BF00957BE6 /* Item.swift */ = {isa = PBXFileReference; lastKnownFileType = sourcecode.swift; path = Item.swift; sourceTree = "<group>"; };
/* End PBXFileReference section */

/* Begin PBXFrameworksBuildPhase section */
		0AFD704824419DD300957BE6 /* Frameworks */ = {
			isa = PBXFrameworksBuildPhase;
			buildActionMask = 2147483647;
			files = (
				0A01F3102442DB8A001499D5 /* SDWebImage in Frameworks */,
				0AFD70642441B80500957BE6 /* SwiftyJSON in Frameworks */,
			);
			runOnlyForDeploymentPostprocessing = 0;
		};
/* End PBXFrameworksBuildPhase section */

/* Begin PBXGroup section */
		0A01F30B2442D9E9001499D5 /* Engine */ = {
			isa = PBXGroup;
			children = (
				0A01F31124431724001499D5 /* ImageEngine.swift */,
			);
			path = Engine;
			sourceTree = "<group>";
		};
		0A01F31324431BB2001499D5 /* App */ = {
			isa = PBXGroup;
			children = (
				0A01F31524431BDF001499D5 /* Home */,
				0A01F31424431BBB001499D5 /* Items */,
			);
			path = App;
			sourceTree = "<group>";
		};
		0A01F31424431BBB001499D5 /* Items */ = {
			isa = PBXGroup;
			children = (
				0AFD706B2441BFEE00957BE6 /* ItemsTableViewController.swift */,
				0AFD70722441D2B200957BE6 /* ItemTableViewCell.swift */,
			);
			path = Items;
			sourceTree = "<group>";
		};
		0A01F31524431BDF001499D5 /* Home */ = {
			isa = PBXGroup;
			children = (
				0AFD70692441BA7500957BE6 /* HomeViewController.swift */,
			);
			path = Home;
			sourceTree = "<group>";
		};
		0A370B5D2443221100A72048 /* System */ = {
			isa = PBXGroup;
			children = (
				0AFD704E24419DD300957BE6 /* AppDelegate.swift */,
				0AFD705024419DD300957BE6 /* SceneDelegate.swift */,
			);
			path = System;
			sourceTree = "<group>";
		};
		0AFD704224419DD300957BE6 = {
			isa = PBXGroup;
			children = (
				0AFD704D24419DD300957BE6 /* NookNook */,
				0AFD704C24419DD300957BE6 /* Products */,
			);
			sourceTree = "<group>";
		};
		0AFD704C24419DD300957BE6 /* Products */ = {
			isa = PBXGroup;
			children = (
				0AFD704B24419DD300957BE6 /* NookNook.app */,
			);
			name = Products;
			sourceTree = "<group>";
		};
		0AFD704D24419DD300957BE6 /* NookNook */ = {
			isa = PBXGroup;
			children = (
				0A01F31324431BB2001499D5 /* App */,
				0A01F30B2442D9E9001499D5 /* Engine */,
				0AFD70672441B91700957BE6 /* Model */,
				0A370B5D2443221100A72048 /* System */,
				0AFD70652441B85F00957BE6 /* Utils */,
				0AFD705424419DD300957BE6 /* Main.storyboard */,
				0AFD705724419DD500957BE6 /* Assets.xcassets */,
				0AFD705924419DD500957BE6 /* LaunchScreen.storyboard */,
				0AFD705C24419DD500957BE6 /* Info.plist */,
			);
			path = NookNook;
			sourceTree = "<group>";
		};
		0AFD70652441B85F00957BE6 /* Utils */ = {
			isa = PBXGroup;
			children = (
				0A370B5E2443223D00A72048 /* VC+.swift */,
				0A370B60244322F100A72048 /* ColourUtil.swift */,
			);
			path = Utils;
			sourceTree = "<group>";
		};
		0AFD70672441B91700957BE6 /* Model */ = {
			isa = PBXGroup;
			children = (
				0AFD70742441D9BF00957BE6 /* Item.swift */,
			);
			path = Model;
			sourceTree = "<group>";
		};
/* End PBXGroup section */

/* Begin PBXNativeTarget section */
		0AFD704A24419DD300957BE6 /* NookNook */ = {
			isa = PBXNativeTarget;
			buildConfigurationList = 0AFD705F24419DD500957BE6 /* Build configuration list for PBXNativeTarget "NookNook" */;
			buildPhases = (
				0AFD704724419DD300957BE6 /* Sources */,
				0AFD704824419DD300957BE6 /* Frameworks */,
				0AFD704924419DD300957BE6 /* Resources */,
			);
			buildRules = (
			);
			dependencies = (
			);
			name = NookNook;
			packageProductDependencies = (
				0AFD70632441B80500957BE6 /* SwiftyJSON */,
				0A01F30F2442DB8A001499D5 /* SDWebImage */,
			);
			productName = NookNook;
			productReference = 0AFD704B24419DD300957BE6 /* NookNook.app */;
			productType = "com.apple.product-type.application";
		};
/* End PBXNativeTarget section */

/* Begin PBXProject section */
		0AFD704324419DD300957BE6 /* Project object */ = {
			isa = PBXProject;
			attributes = {
				LastSwiftUpdateCheck = 1130;
				LastUpgradeCheck = 1130;
				ORGANIZATIONNAME = "Kevin Laminto";
				TargetAttributes = {
					0AFD704A24419DD300957BE6 = {
						CreatedOnToolsVersion = 11.3.1;
					};
				};
			};
			buildConfigurationList = 0AFD704624419DD300957BE6 /* Build configuration list for PBXProject "NookNook" */;
			compatibilityVersion = "Xcode 9.3";
			developmentRegion = en;
			hasScannedForEncodings = 0;
			knownRegions = (
				en,
				Base,
			);
			mainGroup = 0AFD704224419DD300957BE6;
			packageReferences = (
				0AFD70622441B80500957BE6 /* XCRemoteSwiftPackageReference "SwiftyJSON" */,
				0A01F30E2442DB8A001499D5 /* XCRemoteSwiftPackageReference "SDWebImage" */,
			);
			productRefGroup = 0AFD704C24419DD300957BE6 /* Products */;
			projectDirPath = "";
			projectRoot = "";
			targets = (
				0AFD704A24419DD300957BE6 /* NookNook */,
			);
		};
/* End PBXProject section */

/* Begin PBXResourcesBuildPhase section */
		0AFD704924419DD300957BE6 /* Resources */ = {
			isa = PBXResourcesBuildPhase;
			buildActionMask = 2147483647;
			files = (
				0AFD705B24419DD500957BE6 /* LaunchScreen.storyboard in Resources */,
				0AFD705824419DD500957BE6 /* Assets.xcassets in Resources */,
				0AFD705624419DD300957BE6 /* Main.storyboard in Resources */,
			);
			runOnlyForDeploymentPostprocessing = 0;
		};
/* End PBXResourcesBuildPhase section */

/* Begin PBXSourcesBuildPhase section */
		0AFD704724419DD300957BE6 /* Sources */ = {
			isa = PBXSourcesBuildPhase;
			buildActionMask = 2147483647;
			files = (
				0A370B5F2443223D00A72048 /* VC+.swift in Sources */,
				0AFD704F24419DD300957BE6 /* AppDelegate.swift in Sources */,
				0AFD705124419DD300957BE6 /* SceneDelegate.swift in Sources */,
				0A370B61244322F100A72048 /* ColourUtil.swift in Sources */,
				0AFD70752441D9BF00957BE6 /* Item.swift in Sources */,
				0AFD706C2441BFEE00957BE6 /* ItemsTableViewController.swift in Sources */,
				0A01F31224431725001499D5 /* ImageEngine.swift in Sources */,
				0AFD70732441D2B200957BE6 /* ItemTableViewCell.swift in Sources */,
				0AFD706A2441BA7500957BE6 /* HomeViewController.swift in Sources */,
			);
			runOnlyForDeploymentPostprocessing = 0;
		};
/* End PBXSourcesBuildPhase section */

/* Begin PBXVariantGroup section */
		0AFD705424419DD300957BE6 /* Main.storyboard */ = {
			isa = PBXVariantGroup;
			children = (
				0AFD705524419DD300957BE6 /* Base */,
			);
			name = Main.storyboard;
			sourceTree = "<group>";
		};
		0AFD705924419DD500957BE6 /* LaunchScreen.storyboard */ = {
			isa = PBXVariantGroup;
			children = (
				0AFD705A24419DD500957BE6 /* Base */,
			);
			name = LaunchScreen.storyboard;
			sourceTree = "<group>";
		};
/* End PBXVariantGroup section */

/* Begin XCBuildConfiguration section */
		0AFD705D24419DD500957BE6 /* Debug */ = {
			isa = XCBuildConfiguration;
			buildSettings = {
				ALWAYS_SEARCH_USER_PATHS = NO;
				CLANG_ANALYZER_NONNULL = YES;
				CLANG_ANALYZER_NUMBER_OBJECT_CONVERSION = YES_AGGRESSIVE;
				CLANG_CXX_LANGUAGE_STANDARD = "gnu++14";
				CLANG_CXX_LIBRARY = "libc++";
				CLANG_ENABLE_MODULES = YES;
				CLANG_ENABLE_OBJC_ARC = YES;
				CLANG_ENABLE_OBJC_WEAK = YES;
				CLANG_WARN_BLOCK_CAPTURE_AUTORELEASING = YES;
				CLANG_WARN_BOOL_CONVERSION = YES;
				CLANG_WARN_COMMA = YES;
				CLANG_WARN_CONSTANT_CONVERSION = YES;
				CLANG_WARN_DEPRECATED_OBJC_IMPLEMENTATIONS = YES;
				CLANG_WARN_DIRECT_OBJC_ISA_USAGE = YES_ERROR;
				CLANG_WARN_DOCUMENTATION_COMMENTS = YES;
				CLANG_WARN_EMPTY_BODY = YES;
				CLANG_WARN_ENUM_CONVERSION = YES;
				CLANG_WARN_INFINITE_RECURSION = YES;
				CLANG_WARN_INT_CONVERSION = YES;
				CLANG_WARN_NON_LITERAL_NULL_CONVERSION = YES;
				CLANG_WARN_OBJC_IMPLICIT_RETAIN_SELF = YES;
				CLANG_WARN_OBJC_LITERAL_CONVERSION = YES;
				CLANG_WARN_OBJC_ROOT_CLASS = YES_ERROR;
				CLANG_WARN_RANGE_LOOP_ANALYSIS = YES;
				CLANG_WARN_STRICT_PROTOTYPES = YES;
				CLANG_WARN_SUSPICIOUS_MOVE = YES;
				CLANG_WARN_UNGUARDED_AVAILABILITY = YES_AGGRESSIVE;
				CLANG_WARN_UNREACHABLE_CODE = YES;
				CLANG_WARN__DUPLICATE_METHOD_MATCH = YES;
				COPY_PHASE_STRIP = NO;
				DEBUG_INFORMATION_FORMAT = dwarf;
				ENABLE_STRICT_OBJC_MSGSEND = YES;
				ENABLE_TESTABILITY = YES;
				GCC_C_LANGUAGE_STANDARD = gnu11;
				GCC_DYNAMIC_NO_PIC = NO;
				GCC_NO_COMMON_BLOCKS = YES;
				GCC_OPTIMIZATION_LEVEL = 0;
				GCC_PREPROCESSOR_DEFINITIONS = (
					"DEBUG=1",
					"$(inherited)",
				);
				GCC_WARN_64_TO_32_BIT_CONVERSION = YES;
				GCC_WARN_ABOUT_RETURN_TYPE = YES_ERROR;
				GCC_WARN_UNDECLARED_SELECTOR = YES;
				GCC_WARN_UNINITIALIZED_AUTOS = YES_AGGRESSIVE;
				GCC_WARN_UNUSED_FUNCTION = YES;
				GCC_WARN_UNUSED_VARIABLE = YES;
				IPHONEOS_DEPLOYMENT_TARGET = 13.2;
				MTL_ENABLE_DEBUG_INFO = INCLUDE_SOURCE;
				MTL_FAST_MATH = YES;
				ONLY_ACTIVE_ARCH = YES;
				SDKROOT = iphoneos;
				SWIFT_ACTIVE_COMPILATION_CONDITIONS = DEBUG;
				SWIFT_OPTIMIZATION_LEVEL = "-Onone";
			};
			name = Debug;
		};
		0AFD705E24419DD500957BE6 /* Release */ = {
			isa = XCBuildConfiguration;
			buildSettings = {
				ALWAYS_SEARCH_USER_PATHS = NO;
				CLANG_ANALYZER_NONNULL = YES;
				CLANG_ANALYZER_NUMBER_OBJECT_CONVERSION = YES_AGGRESSIVE;
				CLANG_CXX_LANGUAGE_STANDARD = "gnu++14";
				CLANG_CXX_LIBRARY = "libc++";
				CLANG_ENABLE_MODULES = YES;
				CLANG_ENABLE_OBJC_ARC = YES;
				CLANG_ENABLE_OBJC_WEAK = YES;
				CLANG_WARN_BLOCK_CAPTURE_AUTORELEASING = YES;
				CLANG_WARN_BOOL_CONVERSION = YES;
				CLANG_WARN_COMMA = YES;
				CLANG_WARN_CONSTANT_CONVERSION = YES;
				CLANG_WARN_DEPRECATED_OBJC_IMPLEMENTATIONS = YES;
				CLANG_WARN_DIRECT_OBJC_ISA_USAGE = YES_ERROR;
				CLANG_WARN_DOCUMENTATION_COMMENTS = YES;
				CLANG_WARN_EMPTY_BODY = YES;
				CLANG_WARN_ENUM_CONVERSION = YES;
				CLANG_WARN_INFINITE_RECURSION = YES;
				CLANG_WARN_INT_CONVERSION = YES;
				CLANG_WARN_NON_LITERAL_NULL_CONVERSION = YES;
				CLANG_WARN_OBJC_IMPLICIT_RETAIN_SELF = YES;
				CLANG_WARN_OBJC_LITERAL_CONVERSION = YES;
				CLANG_WARN_OBJC_ROOT_CLASS = YES_ERROR;
				CLANG_WARN_RANGE_LOOP_ANALYSIS = YES;
				CLANG_WARN_STRICT_PROTOTYPES = YES;
				CLANG_WARN_SUSPICIOUS_MOVE = YES;
				CLANG_WARN_UNGUARDED_AVAILABILITY = YES_AGGRESSIVE;
				CLANG_WARN_UNREACHABLE_CODE = YES;
				CLANG_WARN__DUPLICATE_METHOD_MATCH = YES;
				COPY_PHASE_STRIP = NO;
				DEBUG_INFORMATION_FORMAT = "dwarf-with-dsym";
				ENABLE_NS_ASSERTIONS = NO;
				ENABLE_STRICT_OBJC_MSGSEND = YES;
				GCC_C_LANGUAGE_STANDARD = gnu11;
				GCC_NO_COMMON_BLOCKS = YES;
				GCC_WARN_64_TO_32_BIT_CONVERSION = YES;
				GCC_WARN_ABOUT_RETURN_TYPE = YES_ERROR;
				GCC_WARN_UNDECLARED_SELECTOR = YES;
				GCC_WARN_UNINITIALIZED_AUTOS = YES_AGGRESSIVE;
				GCC_WARN_UNUSED_FUNCTION = YES;
				GCC_WARN_UNUSED_VARIABLE = YES;
				IPHONEOS_DEPLOYMENT_TARGET = 13.2;
				MTL_ENABLE_DEBUG_INFO = NO;
				MTL_FAST_MATH = YES;
				SDKROOT = iphoneos;
				SWIFT_COMPILATION_MODE = wholemodule;
				SWIFT_OPTIMIZATION_LEVEL = "-O";
				VALIDATE_PRODUCT = YES;
			};
			name = Release;
		};
		0AFD706024419DD500957BE6 /* Debug */ = {
			isa = XCBuildConfiguration;
			buildSettings = {
				ASSETCATALOG_COMPILER_APPICON_NAME = AppIcon;
				CODE_SIGN_STYLE = Automatic;
				DEVELOPMENT_TEAM = D87H8GPTK2;
				INFOPLIST_FILE = NookNook/Info.plist;
				LD_RUNPATH_SEARCH_PATHS = (
					"$(inherited)",
					"@executable_path/Frameworks",
				);
				PRODUCT_BUNDLE_IDENTIFIER = com.kevinlaminto.NookNook;
				PRODUCT_NAME = "$(TARGET_NAME)";
				SWIFT_VERSION = 5.0;
				TARGETED_DEVICE_FAMILY = 1;
			};
			name = Debug;
		};
		0AFD706124419DD500957BE6 /* Release */ = {
			isa = XCBuildConfiguration;
			buildSettings = {
				ASSETCATALOG_COMPILER_APPICON_NAME = AppIcon;
				CODE_SIGN_STYLE = Automatic;
				DEVELOPMENT_TEAM = D87H8GPTK2;
				INFOPLIST_FILE = NookNook/Info.plist;
				LD_RUNPATH_SEARCH_PATHS = (
					"$(inherited)",
					"@executable_path/Frameworks",
				);
				PRODUCT_BUNDLE_IDENTIFIER = com.kevinlaminto.NookNook;
				PRODUCT_NAME = "$(TARGET_NAME)";
				SWIFT_VERSION = 5.0;
				TARGETED_DEVICE_FAMILY = 1;
			};
			name = Release;
		};
/* End XCBuildConfiguration section */

/* Begin XCConfigurationList section */
		0AFD704624419DD300957BE6 /* Build configuration list for PBXProject "NookNook" */ = {
			isa = XCConfigurationList;
			buildConfigurations = (
				0AFD705D24419DD500957BE6 /* Debug */,
				0AFD705E24419DD500957BE6 /* Release */,
			);
			defaultConfigurationIsVisible = 0;
			defaultConfigurationName = Release;
		};
		0AFD705F24419DD500957BE6 /* Build configuration list for PBXNativeTarget "NookNook" */ = {
			isa = XCConfigurationList;
			buildConfigurations = (
				0AFD706024419DD500957BE6 /* Debug */,
				0AFD706124419DD500957BE6 /* Release */,
			);
			defaultConfigurationIsVisible = 0;
			defaultConfigurationName = Release;
		};
/* End XCConfigurationList section */

/* Begin XCRemoteSwiftPackageReference section */
		0A01F30E2442DB8A001499D5 /* XCRemoteSwiftPackageReference "SDWebImage" */ = {
			isa = XCRemoteSwiftPackageReference;
			repositoryURL = "https://github.com/SDWebImage/SDWebImage.git";
			requirement = {
				kind = upToNextMajorVersion;
				minimumVersion = 5.7.2;
			};
		};
		0AFD70622441B80500957BE6 /* XCRemoteSwiftPackageReference "SwiftyJSON" */ = {
			isa = XCRemoteSwiftPackageReference;
			repositoryURL = "https://github.com/SwiftyJSON/SwiftyJSON";
			requirement = {
				kind = upToNextMajorVersion;
				minimumVersion = 5.0.0;
			};
		};
/* End XCRemoteSwiftPackageReference section */

/* Begin XCSwiftPackageProductDependency section */
		0A01F30F2442DB8A001499D5 /* SDWebImage */ = {
			isa = XCSwiftPackageProductDependency;
			package = 0A01F30E2442DB8A001499D5 /* XCRemoteSwiftPackageReference "SDWebImage" */;
			productName = SDWebImage;
		};
		0AFD70632441B80500957BE6 /* SwiftyJSON */ = {
			isa = XCSwiftPackageProductDependency;
			package = 0AFD70622441B80500957BE6 /* XCRemoteSwiftPackageReference "SwiftyJSON" */;
			productName = SwiftyJSON;
		};
/* End XCSwiftPackageProductDependency section */
	};
	rootObject = 0AFD704324419DD300957BE6 /* Project object */;
}
